uuid: 5b6e3753-f8ac-43e9-8bf7-6ec1a8976bbf
langcode: en
status: true
dependencies:
  content:
    - 'block_content:hotspot_images:14851e6a-e941-4816-910b-8d9495e4d012'
  module:
    - block_content
    - cohesion
    - collapsiblock
  theme:
    - cohesion_theme
third_party_settings:
  collapsiblock:
    collapse_action: '1'
id: hotspotimageblock
theme: cohesion_theme
region: dx8_hidden
weight: -2
provider: null
plugin: 'block_content:14851e6a-e941-4816-910b-8d9495e4d012'
settings:
  id: 'block_content:14851e6a-e941-4816-910b-8d9495e4d012'
  label: 'Hotspot Image Block'
  provider: block_content
  label_display: '0'
  status: true
  info: ''
  view_mode: full
visibility:
  cohesion_master_template:
    id: cohesion_master_template
    using_master_template: 0
    negate: false
