uuid: 2503af22-8a66-49f2-892e-d509a7dde4a8
langcode: en
status: true
dependencies: {  }
id: cpt_homepage_featured_block
label: 'Homepage Featured Block'
json_values: '{"canvas":[{"type":"item","uid":"drupal-block","title":"Block","status":{"collapsed":true},"uuid":"3afc2b86-f143-4701-9635-57e3832ee5f7","parentUid":"root","isContainer":false,"children":[]}],"componentForm":[],"mapper":{"3afc2b86-f143-4701-9635-57e3832ee5f7":{}},"model":{"3afc2b86-f143-4701-9635-57e3832ee5f7":{"settings":{"title":"Block","customStyle":[{"customStyle":""}],"settings":{"theme":"all","customStyle":[{"customStyle":""}]},"theme":"all","block":"views_block__product_block_1"},"context-visibility":{"contextVisibility":{"condition":"ALL"}},"styles":{"settings":{"element":"block"}}}},"previewModel":{"3afc2b86-f143-4701-9635-57e3832ee5f7":{}},"variableFields":{"3afc2b86-f143-4701-9635-57e3832ee5f7":[]},"meta":{"fieldHistory":[]}}'
json_mapper: '{}'
last_entity_update: entityupdate_0029
locked: false
modified: true
selectable: true
category: cpt_cat_homepage
preview_image: {  }
has_quick_edit: true
entity_type_access: {  }
bundle_access: {  }
twig_template: component--cohesion-cpt-homepage-featured-block
weight: 0
