uuid: 2bc0d310-4b81-4f46-9443-22096c109409
langcode: en
status: true
dependencies: {  }
id: cpt_category_feature_block
label: 'Category Feature Block'
json_values: '{"canvas":[{"type":"container","uid":"container","title":"Container","status":{"collapsed":false},"uuid":"0c494afd-12bd-4665-9f91-c7c622e4a8bf","parentUid":"root","isContainer":true,"children":[{"type":"container","uid":"paragraph","title":"Paragraph","status":{"collapsed":true},"uuid":"e6f5afab-6033-41e0-8fbd-87fbfd524c2a","parentUid":"container","isContainer":true,"children":[]},{"type":"container","uid":"accordion-tabs-container","title":"Accordion tabs container","status":{"collapsed":false},"uuid":"06fa29fe-f01a-467d-a803-322123beeba7","parentUid":"container","isContainer":true,"children":[{"type":"container","uid":"accordion-tabs-item","title":"Accordion tabs item","status":{"collapsed":false},"uuid":"9464dbde-8669-4fb4-b094-275f65721572","parentUid":"accordion-tabs-container","isContainer":true,"children":[{"type":"item","uid":"image","title":"Image","status":{"collapsed":true,"collapsedParents":[]},"uuid":"c7a98053-217a-4ca1-8688-9dfe1ae414e1","parentUid":"accordion-tabs-item","isContainer":false,"children":[]}]},{"type":"container","uid":"accordion-tabs-item","title":"Accordion tabs item","status":{"collapsed":false},"uuid":"479fa11e-0d57-4e60-96a7-fbab29cf2d46","parentUid":"accordion-tabs-container","isContainer":true,"children":[{"type":"item","uid":"image","title":"Image","status":{"collapsed":true,"collapsedParents":[]},"uuid":"f41304b9-1743-4b24-8623-4f85ca430541","parentUid":"accordion-tabs-item","isContainer":false,"children":[]}]},{"type":"container","uid":"accordion-tabs-item","title":"Accordion tabs item","status":{"collapsed":false},"uuid":"e60ee0bc-23e0-4e8f-9991-db0afb1ef60c","parentUid":"accordion-tabs-container","isContainer":true,"children":[{"type":"item","uid":"image","title":"Image","status":{"collapsed":true,"collapsedParents":[]},"uuid":"ad672ee1-9d1f-4ce8-b82a-6ec861aa0087","parentUid":"accordion-tabs-item","isContainer":false,"children":[]}]}]}]}],"componentForm":[],"mapper":{"0c494afd-12bd-4665-9f91-c7c622e4a8bf":{"settings":{"formDefinition":[{"formKey":"container-settings","children":[{"formKey":"container-width","breakpoints":[],"activeFields":[{"name":"width","active":true}]},{"formKey":"common-link-animation","breakpoints":[{"name":"xl"}],"activeFields":[{"name":"linkAnimation","active":true},{"name":"animationType","active":true},{"name":"animationScope","active":true},{"name":"animationParent","active":true},{"name":"animationTarget","active":true},{"name":"animationScale","active":true},{"name":"animationDirection","active":true},{"name":"animationDirection","active":true},{"name":"animationDirection","active":true},{"name":"animationDistance","active":true},{"name":"animationPieces","active":true},{"name":"animationOrigin","active":true},{"name":"animationFoldHeight","active":true},{"name":"animationHorizontalFirst","active":true},{"name":"animationIterations","active":true},{"name":"animationEasing","active":true},{"name":"animationDuration","active":true}]},{"formKey":"common-link-modifier","breakpoints":[],"activeFields":[{"name":"modifier","active":true},{"name":"modifierType","active":true},{"name":"interactionScope","active":true},{"name":"interactionParent","active":true},{"name":"interactionTarget","active":true},{"name":"modifierName","active":true}]},{"formKey":"container-style","breakpoints":[],"activeFields":[{"name":"customStyle","active":true},{"name":"customStyle","active":true}]}]}],"selectorType":"topLevel","form":null,"items":[]}},"06fa29fe-f01a-467d-a803-322123beeba7":{"settings":{"formDefinition":[{"formKey":"accordion-tabs-container-settings","children":[{"formKey":"accordion-tabs-container-accordion-or-tab","breakpoints":[{"name":"xl"},{"name":"sm"}],"activeFields":[{"name":"accordionOrTab","active":true},{"name":"collapsible","active":true}]},{"formKey":"accordion-tabs-container-transition","breakpoints":[{"name":"xl"},{"name":"sm"}],"activeFields":[{"name":"animation","active":true},{"name":"duration","active":true},{"name":"durationMs","active":true}]},{"formKey":"accordion-tabs-container-start-state","breakpoints":[{"name":"xl"}],"activeFields":[{"name":"startCollapsed","active":true},{"name":"active","active":true}]}]},{"formKey":"accordion-tabs-container-accordion-accordion-settings","children":[{"formKey":"accordion-tabs-container-behavior","breakpoints":[],"activeFields":[{"name":"scrollToAccordion","active":true},{"name":"setHash","active":true}]},{"formKey":"accordion-tabs-container-offset-scroll-position","breakpoints":[{"name":"xl"}],"activeFields":[{"name":"offsetPositionAgainst","active":true},{"name":"scrollToAccordionOffset","active":true},{"name":"scrollToAccordionOffsetClass","active":true}]}]},{"formKey":"accordion-tabs-container-tab-settings","children":[{"formKey":"accordion-tabs-container-position","breakpoints":[],"activeFields":[{"name":"horizontalVertical","active":true},{"name":"HorizontalPosition","active":true},{"name":"VerticalPosition","active":true}]},{"formKey":"accordion-tabs-container-width","breakpoints":[{"name":"xl"},{"name":"sm"}],"activeFields":[{"name":"accordionTabWidth","active":true},{"name":"accordionTabBleed","active":true}]}]}],"selectorType":"topLevel","form":null,"items":[]},"styles":{"formDefinition":[],"selectorType":"topLevel","items":[],"form":null}},"e60ee0bc-23e0-4e8f-9991-db0afb1ef60c":{"settings":{"formDefinition":[{"formKey":"accordion-tabs-item-settings","children":[{"formKey":"accordion-tabs-item-settings-label","breakpoints":[],"activeFields":[{"name":"title","active":true}]}]},{"formKey":"accordion-tabs-item-accordion-settings","children":[{"formKey":"accordion-tabs-item-accordion-html-element","breakpoints":[],"activeFields":[{"name":"accordionTabElement","active":true}]},{"formKey":"accordion-tabs-item-accordion-settings-style","breakpoints":[],"activeFields":[{"name":"customStyle","active":true}]}]},{"formKey":"accordion-tabs-item-tab-settings","children":[{"formKey":"accordion-tabs-item-tab-settings-tab-style","breakpoints":[],"activeFields":[{"name":"customStyle","active":true}]}]}],"selectorType":"topLevel","form":null,"items":[]}},"ad672ee1-9d1f-4ce8-b82a-6ec861aa0087":{"settings":{"formDefinition":[{"formKey":"image-settings","children":[{"formKey":"image-image","breakpoints":[],"activeFields":[{"name":"image","active":true},{"name":"title","active":true},{"name":"alt","active":true},{"name":"lazyload","active":true}]},{"formKey":"image-size","breakpoints":[{"name":"xl"}],"activeFields":[{"name":"displaySize","active":true},{"name":"imageAlignment","active":true}]},{"formKey":"image-style","breakpoints":[],"activeFields":[{"name":"imageStyle","active":true},{"name":"customStyle","active":true},{"name":"customStyle","active":true}]}]}],"selectorType":"topLevel","form":null,"items":[]},"styles":{"formDefinition":[{"formKey":"layout","children":[{"formKey":"width","breakpoints":[{"name":"xl"}],"activeFields":[{"name":"min-width","active":true},{"name":"max-width","active":true},{"name":"width","active":true}]},{"formKey":"height","breakpoints":[{"name":"xl"}],"activeFields":[{"name":"min-height","active":true},{"name":"max-height","active":true},{"name":"height","active":true}]}]},{"formKey":"custom-css","children":[{"formKey":"css-property-and-css-value","breakpoints":[{"name":"xl"}],"activeFields":[{"name":"custom-css","active":true},{"name":"customCssProperty","active":true},{"name":"customCss","active":true}]}]}],"selectorType":"topLevel","items":[],"form":null}},"479fa11e-0d57-4e60-96a7-fbab29cf2d46":{"settings":{"formDefinition":[{"formKey":"accordion-tabs-item-settings","children":[{"formKey":"accordion-tabs-item-settings-label","breakpoints":[],"activeFields":[{"name":"title","active":true}]}]},{"formKey":"accordion-tabs-item-accordion-settings","children":[{"formKey":"accordion-tabs-item-accordion-html-element","breakpoints":[],"activeFields":[{"name":"accordionTabElement","active":true}]},{"formKey":"accordion-tabs-item-accordion-settings-style","breakpoints":[],"activeFields":[{"name":"customStyle","active":true}]}]},{"formKey":"accordion-tabs-item-tab-settings","children":[{"formKey":"accordion-tabs-item-tab-settings-tab-style","breakpoints":[],"activeFields":[{"name":"customStyle","active":true}]}]}],"selectorType":"topLevel","form":null,"items":[]}},"f41304b9-1743-4b24-8623-4f85ca430541":{"settings":{"formDefinition":[{"formKey":"image-settings","children":[{"formKey":"image-image","breakpoints":[],"activeFields":[{"name":"image","active":true},{"name":"title","active":true},{"name":"alt","active":true},{"name":"lazyload","active":true}]},{"formKey":"image-size","breakpoints":[{"name":"xl"}],"activeFields":[{"name":"displaySize","active":true},{"name":"imageAlignment","active":true}]},{"formKey":"image-style","breakpoints":[],"activeFields":[{"name":"imageStyle","active":true},{"name":"customStyle","active":true},{"name":"customStyle","active":true}]}]}],"selectorType":"topLevel","form":null,"items":[]},"styles":{"formDefinition":[{"formKey":"layout","children":[{"formKey":"width","breakpoints":[{"name":"xl"}],"activeFields":[{"name":"min-width","active":true},{"name":"max-width","active":true},{"name":"width","active":true}]},{"formKey":"height","breakpoints":[{"name":"xl"}],"activeFields":[{"name":"min-height","active":true},{"name":"max-height","active":true},{"name":"height","active":true}]}]},{"formKey":"custom-css","children":[{"formKey":"css-property-and-css-value","breakpoints":[{"name":"xl"}],"activeFields":[{"name":"custom-css","active":true},{"name":"customCssProperty","active":true},{"name":"customCss","active":true}]}]}],"selectorType":"topLevel","items":[],"form":null}},"9464dbde-8669-4fb4-b094-275f65721572":{"settings":{"formDefinition":[{"formKey":"accordion-tabs-item-settings","children":[{"formKey":"accordion-tabs-item-settings-label","breakpoints":[],"activeFields":[{"name":"title","active":true}]}]},{"formKey":"accordion-tabs-item-accordion-settings","children":[{"formKey":"accordion-tabs-item-accordion-html-element","breakpoints":[],"activeFields":[{"name":"accordionTabElement","active":true}]},{"formKey":"accordion-tabs-item-accordion-settings-style","breakpoints":[],"activeFields":[{"name":"customStyle","active":true}]}]},{"formKey":"accordion-tabs-item-tab-settings","children":[{"formKey":"accordion-tabs-item-tab-settings-tab-style","breakpoints":[],"activeFields":[{"name":"customStyle","active":true}]}]}],"selectorType":"topLevel","form":null,"items":[]}},"c7a98053-217a-4ca1-8688-9dfe1ae414e1":{"settings":{"formDefinition":[{"formKey":"image-settings","children":[{"formKey":"image-image","breakpoints":[],"activeFields":[{"name":"image","active":true},{"name":"title","active":true},{"name":"alt","active":true},{"name":"lazyload","active":true}]},{"formKey":"image-size","breakpoints":[{"name":"xl"}],"activeFields":[{"name":"displaySize","active":true},{"name":"imageAlignment","active":true}]},{"formKey":"image-style","breakpoints":[],"activeFields":[{"name":"imageStyle","active":true},{"name":"customStyle","active":true},{"name":"customStyle","active":true}]}]}],"selectorType":"topLevel","form":null,"items":[]},"styles":{"formDefinition":[{"formKey":"layout","children":[{"formKey":"width","breakpoints":[{"name":"xl"}],"activeFields":[{"name":"min-width","active":true},{"name":"max-width","active":true},{"name":"width","active":true}]},{"formKey":"height","breakpoints":[{"name":"xl"}],"activeFields":[{"name":"min-height","active":true},{"name":"max-height","active":true},{"name":"height","active":true}]}]},{"formKey":"custom-css","children":[{"formKey":"css-property-and-css-value","breakpoints":[{"name":"xl"}],"activeFields":[{"name":"custom-css","active":true},{"name":"customCssProperty","active":true},{"name":"customCss","active":true}]}]}],"selectorType":"topLevel","items":[],"form":null}},"e6f5afab-6033-41e0-8fbd-87fbfd524c2a":{"settings":{"formDefinition":[{"formKey":"paragraph-settings","children":[{"formKey":"paragraph-paragraph","breakpoints":[],"activeFields":[{"name":"content","active":true}]},{"formKey":"paragraph-style","breakpoints":[],"activeFields":[{"name":"customStyle","active":true},{"name":"customStyle","active":true}]}]}],"selectorType":"topLevel","form":null,"items":[]},"styles":{"formDefinition":[{"formKey":"font","children":[{"formKey":"font-sizing-and-alignment","breakpoints":[{"name":"xl"}],"activeFields":[{"name":"font-size","active":true},{"name":"line-height","active":true},{"name":"text-align","active":true},{"name":"letter-spacing","active":false},{"name":"word-spacing","active":false},{"name":"text-indent","active":false}]},{"formKey":"font-and-color","breakpoints":[{"name":"xl"}],"activeFields":[{"name":"font-family","active":false},{"name":"font-weight","active":true},{"name":"color","active":true}]},{"formKey":"font-style-and-wrapping","breakpoints":[{"name":"xl"}],"activeFields":[{"name":"font-style","active":false},{"name":"text-transform","active":true},{"name":"text-decoration","active":false},{"name":"word-wrap","active":false},{"name":"direction","active":false}]}]},{"formKey":"layout","children":[{"formKey":"margin","breakpoints":[{"name":"xl"}],"activeFields":[{"name":"margin-equal","active":false},{"name":"margin-top","active":false},{"name":"margin-bottom","active":true},{"name":"margin-left","active":false},{"name":"margin-right","active":false},{"name":"margin-block-start","active":false},{"name":"margin-block-end","active":false},{"name":"margin-inline-start","active":false},{"name":"margin-inline-end","active":false}]}]}],"selectorType":"topLevel","items":[],"form":null}}},"model":{"0c494afd-12bd-4665-9f91-c7c622e4a8bf":{"settings":{"title":"Container","width":"boxed","customStyle":[{"customStyle":""}],"settings":{"width":"fluid","customStyle":[{"customStyle":""}]}},"context-visibility":{"contextVisibility":{"condition":"ALL"}},"styles":{"settings":{"element":"container"}}},"e6f5afab-6033-41e0-8fbd-87fbfd524c2a":{"settings":{"title":"Title","customStyle":[{"customStyle":""}],"settings":{"customStyle":[{"customStyle":""}]},"content":"A New Class of Clarity"},"context-visibility":{"contextVisibility":{"condition":"ALL"}},"styles":{"settings":{"element":"p"},"styles":{"xl":{"font-weight":{"value":"600"},"font-size":{"value":"18px"},"text-align":{"value":"left"},"line-height":{"value":"21.92px"},"color":{"value":{"value":{"hex":"#000000","rgba":"rgba(0, 0, 0, 1)"},"name":"Black","uid":"black","class":".coh-color-black","variable":"$coh-color-black","wysiwyg":true,"inuse":true,"link":true,"tags":["Dark"]}},"margin":{"margin-bottom":{"value":"20px"}},"text-transform":{"value":"uppercase"}}}}},"06fa29fe-f01a-467d-a803-322123beeba7":{"settings":{"title":"Accordion tabs container","styles":{"xl":{"accordionOrTab":"tabs","collapsible":false,"startCollapsed":false,"animation":"fade","offsetPositionAgainst":"px","duration":700,"active":1,"scrollToAccordionOffset":0,"accordionTabWidth":4,"accordionTabBleed":"retain_gutters"},"sm":{"collapsible":true,"accordionOrTab":"accordion","animation":"slide","duration":700,"accordionTabWidth":-2,"accordionTabBleed":"retain_gutters"}},"scrollToAccordion":false,"setHash":true,"horizontalVertical":"vertical","VerticalPosition":"left","settings":{"styles":{"xl":{"accordionOrTab":"accordion","collapsible":true,"animation":"slide","duration":700,"startCollapsed":false,"active":1,"offsetPositionAgainst":"px","scrollToAccordionOffset":0}},"scrollToAccordion":false,"setHash":false,"horizontalVertical":"horizontal_top","HorizontalPosition":"left_aligned"}},"context-visibility":{"contextVisibility":{"condition":"ALL"}},"styles":{"settings":{"element":"accordion-tabs-container"}}},"9464dbde-8669-4fb4-b094-275f65721572":{"settings":{"title":"Accordion tabs item","accordionTabElement":"div","settings":{"accordionTabElement":"div","accordionStyle":{"customStyle":""},"tabStyle":{"customStyle":""},"title":"First Pass Success"},"accordionStyle":{"customStyle":""},"tabStyle":{"customStyle":""}},"context-visibility":{"contextVisibility":{"condition":"ALL"}},"styles":{"settings":{"element":"accordion-tabs-item"}}},"c7a98053-217a-4ca1-8688-9dfe1ae414e1":{"settings":{"title":"Image","styles":{"xl":{"displaySize":"coh-image-responsive","imageAlignment":"coh-image-align-left"}},"customStyle":[{"customStyle":""}],"lazyload":false,"settings":{"lazyload":false,"styles":{"xl":{"displaySize":"coh-image-responsive"}},"imageStyle":"","customStyle":[{"customStyle":""}]},"imageStyle":"","image":"[media-reference:media:6492dbf0-9c32-49e9-9e9f-2fc5c234eb40]"},"context-visibility":{"contextVisibility":{"condition":"ALL"}},"styles":{"settings":{"element":"img"},"styles":{"xl":{"max-height":{"value":"500px"},"height":{"value":"auto"},"width":{"value":"100%"},"custom-css":[{"customCssProperty":{"value":"object-fit"},"customCss":{"value":"contain"}}]}}}},"479fa11e-0d57-4e60-96a7-fbab29cf2d46":{"settings":{"title":"Accordion tabs item","accordionTabElement":"div","settings":{"accordionTabElement":"div","accordionStyle":{"customStyle":""},"tabStyle":{"customStyle":""},"title":"Feature Two"},"accordionStyle":{"customStyle":""},"tabStyle":{"customStyle":""}},"context-visibility":{"contextVisibility":{"condition":"ALL"}},"styles":{"settings":{"element":"accordion-tabs-item"}}},"f41304b9-1743-4b24-8623-4f85ca430541":{"settings":{"title":"Image","styles":{"xl":{"displaySize":"coh-image-responsive","imageAlignment":"coh-image-align-left"}},"customStyle":[{"customStyle":""}],"lazyload":false,"settings":{"lazyload":false,"styles":{"xl":{"displaySize":"coh-image-responsive"}},"imageStyle":"","customStyle":[{"customStyle":""}]},"imageStyle":"","image":"[media-reference:media:13777ed5-3bc4-4603-857b-546041032086]","attributes":{"title":"Image Title","alt":"Alt tag"}},"context-visibility":{"contextVisibility":{"condition":"ALL"}},"styles":{"settings":{"element":"img"},"styles":{"xl":{"max-height":{"value":"500px"},"height":{"value":"auto"},"width":{"value":"100%"},"custom-css":[{"customCssProperty":{"value":"object-fit"},"customCss":{"value":"contain"}}]}}}},"e60ee0bc-23e0-4e8f-9991-db0afb1ef60c":{"settings":{"title":"Accordion tabs item","accordionTabElement":"div","settings":{"accordionTabElement":"div","accordionStyle":{"customStyle":""},"tabStyle":{"customStyle":""},"title":"Feature Three"},"accordionStyle":{"customStyle":""},"tabStyle":{"customStyle":""}},"context-visibility":{"contextVisibility":{"condition":"ALL"}},"styles":{"settings":{"element":"accordion-tabs-item"}}},"ad672ee1-9d1f-4ce8-b82a-6ec861aa0087":{"settings":{"title":"Image","styles":{"xl":{"displaySize":"coh-image-responsive","imageAlignment":"coh-image-align-left"}},"customStyle":[{"customStyle":""}],"lazyload":false,"settings":{"lazyload":false,"styles":{"xl":{"displaySize":"coh-image-responsive"}},"imageStyle":"","customStyle":[{"customStyle":""}]},"imageStyle":"","image":"[media-reference:media:6492dbf0-9c32-49e9-9e9f-2fc5c234eb40]"},"context-visibility":{"contextVisibility":{"condition":"ALL"}},"styles":{"settings":{"element":"img"},"styles":{"xl":{"max-height":{"value":"500px"},"height":{"value":"auto"},"width":{"value":"100%"},"custom-css":[{"customCssProperty":{"value":"object-fit"},"customCss":{"value":"contain"}}]}}}}},"previewModel":{"e6f5afab-6033-41e0-8fbd-87fbfd524c2a":{},"06fa29fe-f01a-467d-a803-322123beeba7":{},"9464dbde-8669-4fb4-b094-275f65721572":{"settings":{"settings":{}}},"c7a98053-217a-4ca1-8688-9dfe1ae414e1":{},"0c494afd-12bd-4665-9f91-c7c622e4a8bf":{},"f41304b9-1743-4b24-8623-4f85ca430541":{},"479fa11e-0d57-4e60-96a7-fbab29cf2d46":{"settings":{"settings":{}}},"ad672ee1-9d1f-4ce8-b82a-6ec861aa0087":{},"e60ee0bc-23e0-4e8f-9991-db0afb1ef60c":{"settings":{"settings":{}}}},"variableFields":{"e6f5afab-6033-41e0-8fbd-87fbfd524c2a":[],"06fa29fe-f01a-467d-a803-322123beeba7":[],"9464dbde-8669-4fb4-b094-275f65721572":[],"c7a98053-217a-4ca1-8688-9dfe1ae414e1":[],"0c494afd-12bd-4665-9f91-c7c622e4a8bf":[],"f41304b9-1743-4b24-8623-4f85ca430541":[],"479fa11e-0d57-4e60-96a7-fbab29cf2d46":[],"ad672ee1-9d1f-4ce8-b82a-6ec861aa0087":[],"e60ee0bc-23e0-4e8f-9991-db0afb1ef60c":[]},"meta":{"fieldHistory":[{"uuid":"4f96029c-9aa1-48a4-9659-8bb5147b3e7d","type":"form-wysiwyg","machineName":"content"}]}}'
json_mapper: '{}'
last_entity_update: entityupdate_0029
locked: false
modified: true
selectable: true
category: cpt_cat_templates
preview_image: {  }
has_quick_edit: true
entity_type_access: {  }
bundle_access: {  }
twig_template: component--cohesion-cpt-category-feature-block
weight: 0
