uuid: d153163e-2164-4350-ac0f-882f96acffdf
langcode: en
status: true
dependencies:
  config:
    - block_content.type.custom_block
  module:
    - content_translation
third_party_settings:
  content_translation:
    enabled: false
    bundle_settings:
      untranslatable_fields_hide: '0'
id: block_content.custom_block
target_entity_type_id: block_content
target_bundle: custom_block
default_langcode: site_default
language_alterable: false
