uuid: 0fbfaa04-dddb-4f24-abc4-c06459495639
langcode: en
status: true
dependencies:
  module:
    - cohesion
    - system
id: category_feature_block
label: 'Category Feature Block'
code: ".category-feature-image-wrap .category-feature-image {\n    display: none;\n}\n\n.category-feature-image-wrap .category-feature-image:first-child {\n    display: block;\n}\n\n.category-feature-block .category-feature-container {\n    display: -webkit-box;\n    display: -ms-flexbox;\n    display: flex;\n}\n\n@media screen and (max-width: 834px) {\n    .category-feature-block .category-feature-container {\n        -webkit-box-orient: vertical;\n        -webkit-box-direction: normal;\n        -ms-flex-direction: column;\n        flex-direction: column;\n    }\n}\n\n.category-feature-block .category-feature-container {\n}\n\n@media screen and (max-width: 480px) {\n    .category-feature-block .category-feature-container {\n        width: 100%;\n    }\n}\n\n.category-feature-block .category-feature-list .category-feature-item {\n    cursor: pointer;\n    color: #51B5DF;\n    padding: 10px;\n    border: 1px solid transparent;\n}\n\n.category-feature-block .category-feature-list .category-feature-item.active {\n    color: #212529;\n    border: 1px solid #212529;\n    border-radius: 5px;\n}\n\n.category-feature-block .category-feature-list .category-feature-title {\n    font-size: 24px;\n    font-style: normal;\n    font-weight: 700;\n    line-height: 29px;\n    letter-spacing: 0em;\n    text-align: left;\n    max-width: 29rem;\n}\n\n.category-feature-block .category-feature-list .category-feature-description {\n    font-size: 18px;\n    font-style: normal;\n    font-weight: 400;\n    line-height: 29px;\n    letter-spacing: 0em;\n    text-align: left;\n    max-width: 29rem;\n}\n\n.category-feature-block .category-feature-image {\n    width: 100%;\n}\n\n@media screen and (max-width: 480px) {\n    .category-feature-block .category-feature-image {\n        width: 100%;\n    }\n}\n\n.category-feature-block .category-feature-image img {\n    width: 100%;\n}\n\n@media screen and (max-width: 480px) {\n    .category-feature-block .category-feature-image img {\n        width: 100%;\n        height: auto;\n    }\n}"
conditions_require_all: true
conditions:
  cohesion_master_template:
    id: cohesion_master_template
    using_master_template: 0
    negate: false
  request_path:
    id: request_path
    pages: '/*'
    negate: false
contexts: {  }
media: all
preprocess: true
