uuid: 1a5944c7-226f-4141-9e3f-390c4b1d9625
langcode: en
status: true
dependencies:
  config:
    - views.view.global_technical_support
  module:
    - cohesion
    - collapsiblock
    - views
  theme:
    - cohesion_theme
third_party_settings:
  collapsiblock:
    collapse_action: '0'
id: views_block__global_technical_support_gts_block
theme: cohesion_theme
region: dx8_hidden
weight: 0
provider: null
plugin: 'views_block:global_technical_support-gts_block'
settings:
  id: 'views_block:global_technical_support-gts_block'
  label: ''
  provider: views
  label_display: '0'
  views_label: ''
  items_per_page: none
visibility:
  cohesion_master_template:
    id: cohesion_master_template
    using_master_template: 0
    negate: false
