uuid: 2b482b24-6630-4388-96ad-928b13a48dc7
langcode: en
status: true
dependencies:
  content:
    - 'block_content:custom_block:7f6ccb32-abb0-4e33-96c4-950daba50336'
  module:
    - block_content
    - cohesion
    - collapsiblock
  theme:
    - cohesion_theme
third_party_settings:
  collapsiblock:
    collapse_action: '0'
id: verathonaddressblock
theme: cohesion_theme
region: dx8_hidden
weight: 17
provider: null
plugin: 'block_content:7f6ccb32-abb0-4e33-96c4-950daba50336'
settings:
  id: 'block_content:7f6ccb32-abb0-4e33-96c4-950daba50336'
  label: 'Verathon Address Block'
  provider: block_content
  label_display: '0'
  status: true
  info: ''
  view_mode: full
visibility:
  cohesion_master_template:
    id: cohesion_master_template
    using_master_template: 0
    negate: false
