uuid: 7f3f32b3-c4cb-43ab-998b-e720769fc7de
langcode: en
status: true
dependencies: {  }
id: category_accessory_block
label: 'Category Accessory Block'
json_values: '{"canvas":[{"type":"container","uid":"container","title":"Container","status":{"collapsed":false},"uuid":"613cca13-562b-4da7-a41d-8060d0674f0d","parentUid":"root","isContainer":true,"children":[{"type":"container","uid":"container","title":"Container","status":{"collapsed":false,"collapsedParents":[]},"uuid":"1036d310-d29e-41a9-8b2b-5f159a14f50b","parentUid":"container","isContainer":true,"children":[{"type":"item","uid":"image","title":"Image","status":{"collapsed":true,"collapsedParents":[]},"uuid":"7d99e5ad-b3f4-4167-a9a8-35f9944f8f49","parentUid":"container","isContainer":false,"children":[]}]},{"type":"container","uid":"container","title":"Container","status":{"collapsed":false,"collapsedParents":[]},"uuid":"20d6922d-6464-4424-98c1-115503a26016","parentUid":"container","isContainer":true,"children":[{"type":"container","uid":"container","title":"Container","status":{"collapsed":false},"uuid":"fa234e0c-86f1-4461-8313-14d8916d75d8","parentUid":"container","isContainer":true,"children":[{"type":"container","uid":"paragraph","title":"Paragraph","status":{"collapsed":true,"collapsedParents":[]},"uuid":"739d2a54-b502-498b-a794-88e41fc75599","parentUid":"container","isContainer":true,"children":[]},{"type":"container","uid":"paragraph","title":"Paragraph","status":{"collapsed":true,"collapsedParents":[]},"uuid":"f8676786-f288-4b7f-80d9-4c1a918f14de","parentUid":"container","isContainer":true,"children":[]},{"type":"container","uid":"paragraph","title":"Paragraph","status":{"collapsed":true,"collapsedParents":[]},"uuid":"787c768b-f4d4-4d0d-bef1-f623663ada31","parentUid":"container","isContainer":true,"children":[]}]},{"type":"container","uid":"container","title":"Container","status":{"collapsed":false},"uuid":"20d00f08-702d-43f0-8647-302520266b1e","parentUid":"container","isContainer":true,"children":[{"type":"container","uid":"link","title":"Link","status":{"collapsed":false,"collapsedParents":[]},"parentIndex":1,"uuid":"87cfa797-e386-49e7-bea6-c9d2ca881708","parentUid":"container","isContainer":true,"children":[]}]}]}]}],"componentForm":[{"type":"form-container","uid":"form-section","title":"Field group","status":{"collapsed":false},"options":{"formBuilder":true},"uuid":"696b46c3-ffcb-4713-bfd5-fd8e303eabb5","parentUid":"root","isContainer":true,"children":[{"type":"form-field","uid":"form-select","title":"Select","translate":false,"status":{"collapsed":false},"uuid":"e4202c06-74c2-43c5-b8e2-33f833a5afa1","parentUid":"form-section","isContainer":false,"children":[]},{"type":"form-field","uid":"form-input","title":"Input","translate":true,"status":{"collapsed":false},"uuid":"99e886b1-802a-4b90-ba6a-ba3cf1e3e912","parentUid":"form-section","isContainer":false,"children":[]},{"type":"form-field","uid":"form-input","title":"Input","translate":true,"status":{"collapsed":false},"uuid":"ea432fbd-d02c-4ebb-a2f4-8dca09777bd4","parentUid":"form-section","isContainer":false,"children":[]},{"type":"form-field","uid":"form-image","title":"Image uploader","status":{"collapsed":false},"uuid":"48c1e01b-3a4e-4825-b095-d63e224ea3c6","parentUid":"form-section","isContainer":false,"children":[]}]},{"type":"form-container","uid":"form-section","title":"Field group","status":{"collapsed":false},"options":{"formBuilder":true},"uuid":"0ab1c8ff-1f03-407d-9ded-1f20fa1e8cbd","parentUid":"root","isContainer":true,"children":[{"type":"form-field","uid":"form-input","title":"Input","translate":true,"status":{"collapsed":false},"uuid":"8cca6350-5ef3-4277-a0fb-1c62a4adc74d","parentUid":"form-section","isContainer":false,"children":[]},{"type":"form-field","uid":"form-input","title":"Input","translate":true,"status":{"collapsed":false},"uuid":"28964556-f540-4c5e-82b6-ca1118710a58","parentUid":"form-section","isContainer":false,"children":[]},{"type":"form-field","uid":"form-input","title":"Input","translate":true,"status":{"collapsed":false},"uuid":"154ad24b-9747-4793-ab30-62332f2f2401","parentUid":"form-section","isContainer":false,"children":[]},{"type":"form-field","uid":"form-input","title":"Input","translate":true,"status":{"collapsed":false},"uuid":"a81b59d7-da93-4d46-a9f5-cb4f96f0aac5","parentUid":"form-section","isContainer":false,"children":[]},{"type":"form-field","uid":"form-link","title":"Link","translate":true,"status":{"collapsed":false},"uuid":"a9f15793-96a8-4513-8ca9-a970cb60a7c2","parentUid":"form-section","isContainer":false,"children":[]}]}],"mapper":{"613cca13-562b-4da7-a41d-8060d0674f0d":{"settings":{"formDefinition":[{"formKey":"container-settings","children":[{"formKey":"container-width","breakpoints":[],"activeFields":[{"name":"width","active":true}]},{"formKey":"common-link-animation","breakpoints":[{"name":"xl"}],"activeFields":[{"name":"linkAnimation","active":true},{"name":"animationType","active":true},{"name":"animationScope","active":true},{"name":"animationParent","active":true},{"name":"animationTarget","active":true},{"name":"animationScale","active":true},{"name":"animationDirection","active":true},{"name":"animationDirection","active":true},{"name":"animationDirection","active":true},{"name":"animationDistance","active":true},{"name":"animationPieces","active":true},{"name":"animationOrigin","active":true},{"name":"animationFoldHeight","active":true},{"name":"animationHorizontalFirst","active":true},{"name":"animationIterations","active":true},{"name":"animationEasing","active":true},{"name":"animationDuration","active":true}]},{"formKey":"common-link-modifier","breakpoints":[],"activeFields":[{"name":"modifier","active":true},{"name":"modifierType","active":true},{"name":"interactionScope","active":true},{"name":"interactionParent","active":true},{"name":"interactionTarget","active":true},{"name":"modifierName","active":true}]},{"formKey":"container-style","breakpoints":[],"activeFields":[{"name":"customStyle","active":true},{"name":"customStyle","active":true}]}]}],"selectorType":"topLevel","form":null,"items":[]},"markup":{"formDefinition":[{"formKey":"tab-markup-classes-and-ids","children":[{"formKey":"tab-markup-add-classes","breakpoints":[],"activeFields":[{"name":"classes","active":true}]}]}],"title":"Markup","selectorType":"topLevel","form":null,"items":[]},"styles":{"formDefinition":[{"formKey":"background","children":[{"formKey":"background-color","breakpoints":[{"name":"xl"}],"activeFields":[{"name":"background-color","active":true}]}]}],"selectorType":"topLevel","items":[{"title":":before","type":"container","items":[],"form":null,"selectorType":"pseudo","uuid":"71f6907e-4caf-4ab5-9de2-5c8491656cf7","allowedTypes":["child","pseudo"],"formDefinition":[{"formKey":"custom-css","children":[{"formKey":"css-property-and-css-value","breakpoints":[{"name":"xl"}],"activeFields":[{"name":"custom-css","active":true},{"name":"customCssProperty","active":true},{"name":"customCss","active":true}]}]}]},{"title":":after","type":"container","items":[],"form":null,"selectorType":"pseudo","uuid":"2bbd204d-9d19-47f2-aac5-02fb1d2f831c","allowedTypes":["child","pseudo"],"formDefinition":[{"formKey":"custom-css","children":[{"formKey":"css-property-and-css-value","breakpoints":[{"name":"xl"}],"activeFields":[{"name":"custom-css","active":true},{"name":"customCssProperty","active":true},{"name":"customCss","active":true}]}]}]}],"form":null}},"20d6922d-6464-4424-98c1-115503a26016":{"settings":{"formDefinition":[{"formKey":"container-settings","children":[{"formKey":"container-width","breakpoints":[],"activeFields":[{"name":"width","active":true}]},{"formKey":"common-link-animation","breakpoints":[{"name":"xl"}],"activeFields":[{"name":"linkAnimation","active":true},{"name":"animationType","active":true},{"name":"animationScope","active":true},{"name":"animationParent","active":true},{"name":"animationTarget","active":true},{"name":"animationScale","active":true},{"name":"animationDirection","active":true},{"name":"animationDirection","active":true},{"name":"animationDirection","active":true},{"name":"animationDistance","active":true},{"name":"animationPieces","active":true},{"name":"animationOrigin","active":true},{"name":"animationFoldHeight","active":true},{"name":"animationHorizontalFirst","active":true},{"name":"animationIterations","active":true},{"name":"animationEasing","active":true},{"name":"animationDuration","active":true}]},{"formKey":"common-link-modifier","breakpoints":[],"activeFields":[{"name":"modifier","active":true},{"name":"modifierType","active":true},{"name":"interactionScope","active":true},{"name":"interactionParent","active":true},{"name":"interactionTarget","active":true},{"name":"modifierName","active":true}]},{"formKey":"container-style","breakpoints":[],"activeFields":[{"name":"customStyle","active":true},{"name":"customStyle","active":true}]}]}],"selectorType":"topLevel","form":null,"items":[]},"markup":{"formDefinition":[{"formKey":"tab-markup-classes-and-ids","children":[{"formKey":"tab-markup-add-classes","breakpoints":[],"activeFields":[{"name":"classes","active":true}]}]}],"title":"Markup","selectorType":"topLevel","form":null,"items":[]},"styles":{"formDefinition":[],"selectorType":"topLevel","items":[{"title":":before","type":"container","items":[],"form":null,"selectorType":"pseudo","uuid":"b32edfe6-a93c-4a1f-a611-7b59caaf4b1a","allowedTypes":["child","pseudo"],"formDefinition":[{"formKey":"layout","children":[{"formKey":"display","breakpoints":[{"name":"xl"}],"activeFields":[{"name":"display","active":true},{"name":"visibility","active":false},{"name":"overflow","active":false},{"name":"overflow-x","active":false},{"name":"overflow-y","active":false}]}]}]},{"title":":after","type":"container","items":[],"form":null,"selectorType":"pseudo","uuid":"0b94d63b-fae4-4977-9d44-c97fd2e18940","allowedTypes":["child","pseudo"],"formDefinition":[{"formKey":"layout","children":[{"formKey":"display","breakpoints":[{"name":"xl"}],"activeFields":[{"name":"display","active":true},{"name":"visibility","active":false},{"name":"overflow","active":false},{"name":"overflow-x","active":false},{"name":"overflow-y","active":false}]}]}]}],"form":null}},"20d00f08-702d-43f0-8647-302520266b1e":{"settings":{"formDefinition":[{"formKey":"container-settings","children":[{"formKey":"container-width","breakpoints":[],"activeFields":[{"name":"width","active":true}]},{"formKey":"common-link-animation","breakpoints":[{"name":"xl"}],"activeFields":[{"name":"linkAnimation","active":true},{"name":"animationType","active":true},{"name":"animationScope","active":true},{"name":"animationParent","active":true},{"name":"animationTarget","active":true},{"name":"animationScale","active":true},{"name":"animationDirection","active":true},{"name":"animationDirection","active":true},{"name":"animationDirection","active":true},{"name":"animationDistance","active":true},{"name":"animationPieces","active":true},{"name":"animationOrigin","active":true},{"name":"animationFoldHeight","active":true},{"name":"animationHorizontalFirst","active":true},{"name":"animationIterations","active":true},{"name":"animationEasing","active":true},{"name":"animationDuration","active":true}]},{"formKey":"common-link-modifier","breakpoints":[],"activeFields":[{"name":"modifier","active":true},{"name":"modifierType","active":true},{"name":"interactionScope","active":true},{"name":"interactionParent","active":true},{"name":"interactionTarget","active":true},{"name":"modifierName","active":true}]},{"formKey":"container-markup","breakpoints":[],"activeFields":[{"name":"htmlMarkup","active":true},{"name":"htmlMarkupCustom","active":true}]}]}],"selectorType":"topLevel","form":null,"items":[]},"styles":{"formDefinition":[],"selectorType":"topLevel","items":[{"title":":before","type":"container","items":[],"form":null,"selectorType":"pseudo","uuid":"79fadea3-2a5d-41f2-a4e7-8b113efe8733","allowedTypes":["child","pseudo"],"formDefinition":[{"formKey":"layout","children":[{"formKey":"display","breakpoints":[{"name":"xl"}],"activeFields":[{"name":"display","active":true},{"name":"visibility","active":false},{"name":"overflow","active":false},{"name":"overflow-x","active":false},{"name":"overflow-y","active":false}]}]}]},{"title":":after","type":"container","items":[],"form":null,"selectorType":"pseudo","uuid":"3579c169-4e15-47a5-bbd8-b8fa4d4c75f6","allowedTypes":["child","pseudo"],"formDefinition":[{"formKey":"layout","children":[{"formKey":"display","breakpoints":[{"name":"xl"}],"activeFields":[{"name":"display","active":true},{"name":"visibility","active":false},{"name":"overflow","active":false},{"name":"overflow-x","active":false},{"name":"overflow-y","active":false}]}]}]}],"form":null}},"87cfa797-e386-49e7-bea6-c9d2ca881708":{"settings":{"formDefinition":[{"formKey":"link-settings","children":[{"formKey":"link-link","breakpoints":[],"activeFields":[{"name":"linkText","active":true},{"name":"titleAttribute","active":true},{"name":"type","active":true},{"name":"linkToPage","active":true},{"name":"url","active":true},{"name":"anchor","active":true},{"name":"scrollToSelector","active":true},{"name":"scrollToDuration","active":true},{"name":"scrollToOffsetType","active":true},{"name":"scrollToOffsetPx","active":true},{"name":"scrollToOffsetElement","active":true},{"name":"target","active":true},{"name":"helpText","active":true},{"name":"triggerId","active":true},{"name":"modalId","active":true}]},{"formKey":"link-modifier","breakpoints":[],"activeFields":[{"name":"modifier","active":true},{"name":"modifierType","active":true},{"name":"interactionScope","active":true},{"name":"interactionParent","active":true},{"name":"interactionTarget","active":true},{"name":"modifierName","active":true}]},{"formKey":"link-animation","breakpoints":[{"name":"xl"}],"activeFields":[{"name":"linkAnimation","active":true},{"name":"animationType","active":true},{"name":"animationScope","active":true},{"name":"animationParent","active":true},{"name":"animationTarget","active":true},{"name":"animationScale","active":true},{"name":"animationDirection","active":true},{"name":"animationDirection","active":true},{"name":"animationDirection","active":true},{"name":"animationDistance","active":true},{"name":"animationPieces","active":true},{"name":"animationOrigin","active":true},{"name":"animationFoldHeight","active":true},{"name":"animationHorizontalFirst","active":true},{"name":"animationIterations","active":true},{"name":"animationEasing","active":true},{"name":"animationDuration","active":true}]},{"formKey":"link-style","breakpoints":[],"activeFields":[{"name":"customStyle","active":true},{"name":"customStyle","active":true}]}]}],"selectorType":"topLevel","form":null,"items":[]},"styles":{"formDefinition":[{"formKey":"layout","children":[{"formKey":"margin","breakpoints":[{"name":"xl"}],"activeFields":[{"name":"margin-equal","active":false},{"name":"margin-top","active":false},{"name":"margin-bottom","active":false},{"name":"margin-left","active":false},{"name":"margin-right","active":true},{"name":"margin-block-start","active":false},{"name":"margin-block-end","active":false},{"name":"margin-inline-start","active":false},{"name":"margin-inline-end","active":false}]}]},{"formKey":"border-and-outline","children":[{"formKey":"outline-width-style-and-color","breakpoints":[{"name":"xl"}],"activeFields":[{"name":"outline-width","active":false},{"name":"outline-offset","active":false},{"name":"outline-color","active":true},{"name":"outline-style","active":false}]}]},{"formKey":"background","children":[{"formKey":"background-color","breakpoints":[{"name":"xl"}],"activeFields":[{"name":"background-color","active":true}]}]},{"formKey":"font","children":[{"formKey":"font-sizing-and-alignment","breakpoints":[{"name":"xl"}],"activeFields":[{"name":"font-size","active":true},{"name":"line-height","active":false},{"name":"text-align","active":true},{"name":"letter-spacing","active":false},{"name":"word-spacing","active":false},{"name":"text-indent","active":false}]},{"formKey":"font-and-color","breakpoints":[{"name":"xl"}],"activeFields":[{"name":"font-family","active":false},{"name":"font-weight","active":true},{"name":"color","active":true}]},{"formKey":"font-style-and-wrapping","breakpoints":[{"name":"xl"}],"activeFields":[{"name":"font-style","active":true},{"name":"text-transform","active":true},{"name":"text-decoration","active":true},{"name":"word-wrap","active":true},{"name":"direction","active":true}]}]},{"formKey":"custom-css","children":[{"formKey":"css-property-and-css-value","breakpoints":[{"name":"xl"}],"activeFields":[{"name":"custom-css","active":true},{"name":"customCssProperty","active":true},{"name":"customCss","active":true}]}]}],"selectorType":"topLevel","items":[{"title":":after","type":"container","items":[],"form":null,"selectorType":"pseudo","uuid":"54a1e2ee-12be-4b3b-ae51-8fcfc5c13065","allowedTypes":["child","pseudo"],"formDefinition":[{"formKey":"content","children":[{"formKey":"image","breakpoints":[{"name":"xl"}],"activeFields":[{"name":"contentImage","active":true},{"name":"imageStyle","active":true}]}]},{"formKey":"layout","children":[{"formKey":"height","breakpoints":[{"name":"xl"}],"activeFields":[{"name":"min-height","active":false},{"name":"max-height","active":false},{"name":"height","active":true}]},{"formKey":"width","breakpoints":[{"name":"xl"}],"activeFields":[{"name":"min-width","active":false},{"name":"max-width","active":false},{"name":"width","active":true}]},{"formKey":"position","breakpoints":[{"name":"xl"}],"activeFields":[{"name":"position","active":true},{"name":"top","active":true},{"name":"bottom","active":true},{"name":"left","active":true},{"name":"right","active":true},{"name":"z-index","active":true}]}]},{"formKey":"custom-css","children":[{"formKey":"css-property-and-css-value","breakpoints":[{"name":"xl"}],"activeFields":[{"name":"custom-css","active":true},{"name":"customCssProperty","active":true},{"name":"customCss","active":true}]}]}]},{"title":":hover","type":"container","items":[{"title":":after","type":"container","items":[],"form":null,"selectorType":"pseudo","uuid":"05e5e36c-2196-43d9-a81e-a6e2fcfa637a","allowedTypes":["child","pseudo"],"formDefinition":[{"formKey":"custom-css","children":[{"formKey":"css-property-and-css-value","breakpoints":[{"name":"xl"}],"activeFields":[{"name":"custom-css","active":true},{"name":"customCssProperty","active":true},{"name":"customCss","active":true}]}]},{"formKey":"transform-and-transition","children":[{"formKey":"transition","breakpoints":[{"name":"xl"}],"activeFields":[{"name":"transitions","active":true},{"name":"transitionProperty","active":true},{"name":"transitionCustomProperty","active":true},{"name":"transitionDuration","active":true},{"name":"transitionTimingFunction","active":true},{"name":"transitionDelay","active":true}]}]}]}],"form":null,"selectorType":"pseudo","uuid":"5ce7c063-01f2-4d50-8491-7a4d1f9ab1ba","allowedTypes":["child","pseudo"],"formDefinition":[]}],"form":null}},"fa234e0c-86f1-4461-8313-14d8916d75d8":{"settings":{"formDefinition":[{"formKey":"container-settings","children":[{"formKey":"container-width","breakpoints":[],"activeFields":[{"name":"width","active":true}]},{"formKey":"common-link-animation","breakpoints":[{"name":"xl"}],"activeFields":[{"name":"linkAnimation","active":true},{"name":"animationType","active":true},{"name":"animationScope","active":true},{"name":"animationParent","active":true},{"name":"animationTarget","active":true},{"name":"animationScale","active":true},{"name":"animationDirection","active":true},{"name":"animationDirection","active":true},{"name":"animationDirection","active":true},{"name":"animationDistance","active":true},{"name":"animationPieces","active":true},{"name":"animationOrigin","active":true},{"name":"animationFoldHeight","active":true},{"name":"animationHorizontalFirst","active":true},{"name":"animationIterations","active":true},{"name":"animationEasing","active":true},{"name":"animationDuration","active":true}]},{"formKey":"common-link-modifier","breakpoints":[],"activeFields":[{"name":"modifier","active":true},{"name":"modifierType","active":true},{"name":"interactionScope","active":true},{"name":"interactionParent","active":true},{"name":"interactionTarget","active":true},{"name":"modifierName","active":true}]},{"formKey":"container-markup","breakpoints":[],"activeFields":[{"name":"htmlMarkup","active":true},{"name":"htmlMarkupCustom","active":true}]}]}],"selectorType":"topLevel","form":null,"items":[]},"styles":{"formDefinition":[],"selectorType":"topLevel","items":[{"title":":before","type":"container","items":[],"form":null,"selectorType":"pseudo","uuid":"79fadea3-2a5d-41f2-a4e7-8b113efe8733","allowedTypes":["child","pseudo"],"formDefinition":[{"formKey":"layout","children":[{"formKey":"display","breakpoints":[{"name":"xl"}],"activeFields":[{"name":"display","active":true},{"name":"visibility","active":false},{"name":"overflow","active":false},{"name":"overflow-x","active":false},{"name":"overflow-y","active":false}]}]}]},{"title":":after","type":"container","items":[],"form":null,"selectorType":"pseudo","uuid":"3579c169-4e15-47a5-bbd8-b8fa4d4c75f6","allowedTypes":["child","pseudo"],"formDefinition":[{"formKey":"layout","children":[{"formKey":"display","breakpoints":[{"name":"xl"}],"activeFields":[{"name":"display","active":true},{"name":"visibility","active":false},{"name":"overflow","active":false},{"name":"overflow-x","active":false},{"name":"overflow-y","active":false}]}]}]}],"form":null}},"787c768b-f4d4-4d0d-bef1-f623663ada31":{"settings":{"formDefinition":[{"formKey":"paragraph-settings","children":[{"formKey":"paragraph-paragraph","breakpoints":[],"activeFields":[{"name":"content","active":true}]},{"formKey":"paragraph-style","breakpoints":[],"activeFields":[{"name":"customStyle","active":true},{"name":"customStyle","active":true}]}]}],"selectorType":"topLevel","form":null,"items":[]},"markup":{"formDefinition":[{"formKey":"tab-markup-classes-and-ids","children":[{"formKey":"tab-markup-add-classes","breakpoints":[],"activeFields":[{"name":"classes","active":true}]}]}],"title":"Markup","selectorType":"topLevel","form":null,"items":[]}},"f8676786-f288-4b7f-80d9-4c1a918f14de":{"settings":{"formDefinition":[{"formKey":"paragraph-settings","children":[{"formKey":"paragraph-paragraph","breakpoints":[],"activeFields":[{"name":"content","active":true}]},{"formKey":"paragraph-style","breakpoints":[],"activeFields":[{"name":"customStyle","active":true},{"name":"customStyle","active":true}]}]}],"selectorType":"topLevel","form":null,"items":[]},"markup":{"formDefinition":[{"formKey":"tab-markup-classes-and-ids","children":[{"formKey":"tab-markup-add-classes","breakpoints":[],"activeFields":[{"name":"classes","active":true}]}]}],"title":"Markup","selectorType":"topLevel","form":null,"items":[]}},"739d2a54-b502-498b-a794-88e41fc75599":{"settings":{"formDefinition":[{"formKey":"paragraph-settings","children":[{"formKey":"paragraph-paragraph","breakpoints":[],"activeFields":[{"name":"content","active":true}]},{"formKey":"paragraph-style","breakpoints":[],"activeFields":[{"name":"customStyle","active":true},{"name":"customStyle","active":true}]}]}],"selectorType":"topLevel","form":null,"items":[]},"markup":{"formDefinition":[{"formKey":"tab-markup-classes-and-ids","children":[{"formKey":"tab-markup-add-classes","breakpoints":[],"activeFields":[{"name":"classes","active":true}]}]}],"title":"Markup","selectorType":"topLevel","form":null,"items":[]}},"1036d310-d29e-41a9-8b2b-5f159a14f50b":{"settings":{"formDefinition":[{"formKey":"container-settings","children":[{"formKey":"container-width","breakpoints":[],"activeFields":[{"name":"width","active":true}]},{"formKey":"common-link-animation","breakpoints":[{"name":"xl"}],"activeFields":[{"name":"linkAnimation","active":true},{"name":"animationType","active":true},{"name":"animationScope","active":true},{"name":"animationParent","active":true},{"name":"animationTarget","active":true},{"name":"animationScale","active":true},{"name":"animationDirection","active":true},{"name":"animationDirection","active":true},{"name":"animationDirection","active":true},{"name":"animationDistance","active":true},{"name":"animationPieces","active":true},{"name":"animationOrigin","active":true},{"name":"animationFoldHeight","active":true},{"name":"animationHorizontalFirst","active":true},{"name":"animationIterations","active":true},{"name":"animationEasing","active":true},{"name":"animationDuration","active":true}]},{"formKey":"common-link-modifier","breakpoints":[],"activeFields":[{"name":"modifier","active":true},{"name":"modifierType","active":true},{"name":"interactionScope","active":true},{"name":"interactionParent","active":true},{"name":"interactionTarget","active":true},{"name":"modifierName","active":true}]},{"formKey":"container-style","breakpoints":[],"activeFields":[{"name":"customStyle","active":true},{"name":"customStyle","active":true}]}]}],"selectorType":"topLevel","form":null,"items":[]},"markup":{"formDefinition":[{"formKey":"tab-markup-classes-and-ids","children":[{"formKey":"tab-markup-add-classes","breakpoints":[],"activeFields":[{"name":"classes","active":true}]}]}],"title":"Markup","selectorType":"topLevel","form":null,"items":[]}},"7d99e5ad-b3f4-4167-a9a8-35f9944f8f49":{"settings":{"formDefinition":[{"formKey":"image-settings","children":[{"formKey":"image-image","breakpoints":[],"activeFields":[{"name":"image","active":true},{"name":"title","active":true},{"name":"alt","active":true},{"name":"lazyload","active":true}]},{"formKey":"image-size","breakpoints":[{"name":"xl"}],"activeFields":[{"name":"displaySize","active":true},{"name":"imageAlignment","active":true}]},{"formKey":"image-style","breakpoints":[],"activeFields":[{"name":"imageStyle","active":true},{"name":"customStyle","active":true},{"name":"customStyle","active":true}]}]}],"selectorType":"topLevel","form":null,"items":[]},"markup":{"formDefinition":[{"formKey":"tab-markup-classes-and-ids","children":[{"formKey":"tab-markup-add-classes","breakpoints":[],"activeFields":[{"name":"classes","active":true}]}]}],"title":"Markup","selectorType":"topLevel","form":null,"items":[]}}},"model":{"613cca13-562b-4da7-a41d-8060d0674f0d":{"settings":{"title":"category-accessory-container","width":"boxed","customStyle":[{"customStyle":""}],"settings":{"width":"fluid","customStyle":[{"customStyle":""}]}},"context-visibility":{"contextVisibility":{"condition":"ALL"}},"styles":{"settings":{"element":"container"},"71f6907e-4caf-4ab5-9de2-5c8491656cf7":{"settings":{"element":"","class":"","combinator":"","pseudo":":before"},"styles":{"xl":{"custom-css":[{"customCssProperty":{"value":"display"},"customCss":{"value":"none !important"}}]}}},"2bbd204d-9d19-47f2-aac5-02fb1d2f831c":{"settings":{"element":"","class":"","combinator":"","pseudo":":after"},"styles":{"xl":{"custom-css":[{"customCssProperty":{"value":"display"},"customCss":{"value":"none !important"}}]}}},"styles":{"xl":{"background-color":{"value":{}}}}},"markup":{"classes":"category-accessory-container [field.e4202c06-74c2-43c5-b8e2-33f833a5afa1]"}},"1036d310-d29e-41a9-8b2b-5f159a14f50b":{"settings":{"title":"category-accessory-banner","width":"fluid","customStyle":[{"customStyle":""}],"settings":{"width":"fluid","customStyle":[{"customStyle":""}]}},"context-visibility":{"contextVisibility":{"condition":"ALL"}},"styles":{"settings":{"element":"container"}},"markup":{"classes":"category-accessory-banner"}},"7d99e5ad-b3f4-4167-a9a8-35f9944f8f49":{"settings":{"title":"banner-img","styles":{"xl":{"displaySize":"coh-image-responsive","imageAlignment":"coh-image-align-left"}},"customStyle":[{"customStyle":""}],"lazyload":false,"settings":{"lazyload":false,"styles":{"xl":{"displaySize":"coh-image-responsive"}},"imageStyle":"","customStyle":[{"customStyle":""}]},"imageStyle":"","attributes":{"title":"[field.99e886b1-802a-4b90-ba6a-ba3cf1e3e912]","alt":"[field.ea432fbd-d02c-4ebb-a2f4-8dca09777bd4]"},"image":"[field.48c1e01b-3a4e-4825-b095-d63e224ea3c6]"},"context-visibility":{"contextVisibility":{"condition":"ALL"}},"styles":{"settings":{"element":"img"}},"markup":{"classes":"banner-img"}},"20d6922d-6464-4424-98c1-115503a26016":{"settings":{"title":"category-accessory-content","width":"fluid","customStyle":[{"customStyle":""}],"settings":{"width":"fluid","customStyle":[{"customStyle":""}]}},"context-visibility":{"contextVisibility":{"condition":"ALL"}},"styles":{"settings":{"element":"container"},"b32edfe6-a93c-4a1f-a611-7b59caaf4b1a":{"settings":{"element":"","class":"","combinator":"","pseudo":":before"},"styles":{"xl":{"display":{"value":"none"}}}},"0b94d63b-fae4-4977-9d44-c97fd2e18940":{"settings":{"element":"","class":"","combinator":"","pseudo":":after"},"styles":{"xl":{"display":{"value":"none"}}}}},"markup":{"classes":"category-accessory-content"}},"fa234e0c-86f1-4461-8313-14d8916d75d8":{"settings":{"title":"Container","width":"fluid","settings":{"width":"fluid","customStyle":[{"customStyle":""}]},"htmlMarkup":"div"},"context-visibility":{"contextVisibility":{"condition":"ALL"}},"styles":{"settings":{"element":"container"},"79fadea3-2a5d-41f2-a4e7-8b113efe8733":{"settings":{"element":"","class":"","combinator":"","pseudo":":before"},"styles":{"xl":{"display":{"value":"none"}}}},"3579c169-4e15-47a5-bbd8-b8fa4d4c75f6":{"settings":{"element":"","class":"","combinator":"","pseudo":":after"},"styles":{"xl":{"display":{"value":"none"}}}}}},"739d2a54-b502-498b-a794-88e41fc75599":{"settings":{"title":"tagline","customStyle":[{"customStyle":""}],"settings":{"customStyle":[{"customStyle":""}]},"content":"[field.8cca6350-5ef3-4277-a0fb-1c62a4adc74d]"},"context-visibility":{"contextVisibility":{"condition":"ALL"}},"styles":{"settings":{"element":"p"}},"markup":{"classes":"tagline"}},"f8676786-f288-4b7f-80d9-4c1a918f14de":{"settings":{"title":"header","customStyle":[{"customStyle":""}],"settings":{"customStyle":[{"customStyle":""}]},"content":"[field.28964556-f540-4c5e-82b6-ca1118710a58]"},"context-visibility":{"contextVisibility":{"condition":"ALL"}},"styles":{"settings":{"element":"p"}},"markup":{"classes":"header"}},"787c768b-f4d4-4d0d-bef1-f623663ada31":{"settings":{"title":"description","customStyle":[{"customStyle":""}],"settings":{"customStyle":[{"customStyle":""}]},"content":"[field.154ad24b-9747-4793-ab30-62332f2f2401]"},"context-visibility":{"contextVisibility":{"condition":"ALL"}},"styles":{"settings":{"element":"p"}},"markup":{"classes":"description"}},"20d00f08-702d-43f0-8647-302520266b1e":{"settings":{"title":"Container","width":"fluid","settings":{"width":"fluid","customStyle":[{"customStyle":""}]},"htmlMarkup":"div"},"context-visibility":{"contextVisibility":{"condition":"ALL"}},"styles":{"settings":{"element":"container"},"79fadea3-2a5d-41f2-a4e7-8b113efe8733":{"settings":{"element":"","class":"","combinator":"","pseudo":":before"},"styles":{"xl":{"display":{"value":"none"}}}},"3579c169-4e15-47a5-bbd8-b8fa4d4c75f6":{"settings":{"element":"","class":"","combinator":"","pseudo":":after"},"styles":{"xl":{"display":{"value":"none"}}}}}},"87cfa797-e386-49e7-bea6-c9d2ca881708":{"settings":{"title":"Link","customStyle":[{"customStyle":""}],"settings":{"type":"internal-page","target":"_self","customStyle":[{"customStyle":""}]},"type":"internal-page","target":"_self","linkText":"[field.a81b59d7-da93-4d46-a9f5-cb4f96f0aac5]","linkToPage":"[field.a9f15793-96a8-4513-8ca9-a970cb60a7c2]"},"context-visibility":{"contextVisibility":{"condition":"ALL"}},"styles":{"settings":{"element":"link"},"styles":{"xl":{"font-weight":{"value":"400"},"color":{"value":{"value":{"hex":"#0078ab","rgba":"rgba(0, 120, 171, 1)"}}},"font-size":{"value":"18px"},"text-align":{"value":"left"},"font-style":{"value":"normal"},"text-transform":{"value":"capitalize"},"text-decoration":{"value":"none"},"word-wrap":{"value":"normal"},"direction":{"value":"ltr"},"background-color":{"value":{}},"outline-color":{"value":{}},"custom-css":[{"customCssProperty":{"value":"width"},"customCss":{"value":"100%"}}],"margin":{"margin-right":{"value":"10px"}}},"54a1e2ee-12be-4b3b-ae51-8fcfc5c13065":{"styles":{"xl":{"content-image":{"imageStyle":""}}}}},"54a1e2ee-12be-4b3b-ae51-8fcfc5c13065":{"settings":{"element":"","class":"","combinator":"","pseudo":":after"},"styles":{"xl":{"content-image":{"imageStyle":"","contentImage":{"value":"[media-reference:media:7cf49715-5d2b-42de-90e6-df01f9ee995f]"}},"height":{"value":"24px"},"width":{"value":"24px"},"position":{"value":"relative"},"top":{"value":"6px"},"left":{"value":"8px"},"custom-css":[{"customCssProperty":{"value":"opacity"},"customCss":{"value":"1"}}]}}},"5ce7c063-01f2-4d50-8491-7a4d1f9ab1ba":{"settings":{"element":"","class":"","combinator":"","pseudo":":hover"},"styles":{}},"05e5e36c-2196-43d9-a81e-a6e2fcfa637a":{"settings":{"element":"","class":"","combinator":"","pseudo":":after"},"styles":{"xl":{"custom-css":[{"customCssProperty":{"value":"opacity"},"customCss":{"value":"0"}},{"customCssProperty":{"value":"left"},"customCss":{"value":"24px"}}],"transitions":[{"transitionProperty":{"value":"all"},"transitionDuration":{"value":300},"transitionTimingFunction":{"value":"ease-in-out"},"transitionDelay":{"value":50}}]}}}}},"696b46c3-ffcb-4713-bfd5-fd8e303eabb5":{"settings":{"title":"Image Section","type":"cohSection","hideRowHeading":0,"removePadding":0,"columnCount":"coh-component-field-group-1-col","breakpointIcon":"","breakpoints":false,"propertiesMenu":false,"disableScrollbar":true,"disableEllipsisMenu":true,"isOpen":true},"contextVisibility":{"condition":"ALL"}},"e4202c06-74c2-43c5-b8e2-33f833a5afa1":{"settings":{"title":"Image Position","type":"cohSelect","selectType":"custom","schema":{"type":"string"},"options":[{"label":"Left","value":"image-first"},{"label":"Right","value":"content-first"}],"machineName":"image-position","tooltipPlacement":"auto right"},"contextVisibility":{"condition":"ALL"},"model":{"value":"image-first"}},"99e886b1-802a-4b90-ba6a-ba3cf1e3e912":{"settings":{"title":"Image Title","schema":{"type":"string","escape":true},"machineName":"image-title","tooltipPlacement":"auto right"},"contextVisibility":{"condition":"ALL"}},"ea432fbd-d02c-4ebb-a2f4-8dca09777bd4":{"settings":{"title":"Image Alt","schema":{"type":"string","escape":true},"machineName":"image-alt","tooltipPlacement":"auto right"},"contextVisibility":{"condition":"ALL"}},"48c1e01b-3a4e-4825-b095-d63e224ea3c6":{"settings":{"title":"Upload Image","type":"cohFileBrowser","options":{"buttonText":"Select image","imageUploader":false,"allowedDescription":"Allowed: png, gif, jpg, jpeg \nMax file size: 2MB","removeLabel":"Remove"},"isStyle":true,"defaultActive":true,"schema":{"type":"string"},"machineName":"upload-image","tooltipPlacement":"auto right"},"contextVisibility":{"condition":"ALL"}},"0ab1c8ff-1f03-407d-9ded-1f20fa1e8cbd":{"settings":{"title":"Content Section","type":"cohSection","hideRowHeading":0,"removePadding":0,"columnCount":"coh-component-field-group-1-col","breakpointIcon":"","breakpoints":false,"propertiesMenu":false,"disableScrollbar":true,"disableEllipsisMenu":true,"isOpen":true},"contextVisibility":{"condition":"ALL"}},"8cca6350-5ef3-4277-a0fb-1c62a4adc74d":{"settings":{"title":"Tagline","schema":{"type":"string","escape":true},"machineName":"tagline","tooltipPlacement":"auto right"},"contextVisibility":{"condition":"ALL"}},"28964556-f540-4c5e-82b6-ca1118710a58":{"settings":{"title":"Header","schema":{"type":"string","escape":true},"machineName":"header","tooltipPlacement":"auto right"},"contextVisibility":{"condition":"ALL"}},"154ad24b-9747-4793-ab30-62332f2f2401":{"settings":{"title":"Description","schema":{"type":"string","escape":true},"machineName":"description","tooltipPlacement":"auto right"},"contextVisibility":{"condition":"ALL"}},"a81b59d7-da93-4d46-a9f5-cb4f96f0aac5":{"settings":{"title":"CTA Label","schema":{"type":"string","escape":true},"machineName":"cta-label","tooltipPlacement":"auto right"},"contextVisibility":{"condition":"ALL"}},"a9f15793-96a8-4513-8ca9-a970cb60a7c2":{"settings":{"title":"CTA Link","isStyle":true,"type":"cohTypeahead","key":"linkToPage","placeholder":"Type page name","labelProperty":"name","valueProperty":"id","typeaheadEditable":true,"endpoint":"\/cohesionapi\/link-autocomplete?q=","schema":{"type":"string"},"machineName":"cta-link","tooltipPlacement":"auto right","entityTypes":{"component_content":false,"node":false,"content_moderation_state":false,"crop":false,"block_content":false,"menu_link_content":false,"file":false,"cohesion_layout":false,"media":false,"redirect":false,"search_api_task":false,"taxonomy_term":false,"path_alias":false,"user":false,"view":false}},"contextVisibility":{"condition":"ALL"}}},"previewModel":{"99e886b1-802a-4b90-ba6a-ba3cf1e3e912":{},"ea432fbd-d02c-4ebb-a2f4-8dca09777bd4":{},"48c1e01b-3a4e-4825-b095-d63e224ea3c6":{},"696b46c3-ffcb-4713-bfd5-fd8e303eabb5":{},"8cca6350-5ef3-4277-a0fb-1c62a4adc74d":{},"28964556-f540-4c5e-82b6-ca1118710a58":{},"154ad24b-9747-4793-ab30-62332f2f2401":{},"0ab1c8ff-1f03-407d-9ded-1f20fa1e8cbd":{},"a9f15793-96a8-4513-8ca9-a970cb60a7c2":{},"a81b59d7-da93-4d46-a9f5-cb4f96f0aac5":{},"e4202c06-74c2-43c5-b8e2-33f833a5afa1":{},"7d99e5ad-b3f4-4167-a9a8-35f9944f8f49":{},"1036d310-d29e-41a9-8b2b-5f159a14f50b":{},"739d2a54-b502-498b-a794-88e41fc75599":{},"f8676786-f288-4b7f-80d9-4c1a918f14de":{},"787c768b-f4d4-4d0d-bef1-f623663ada31":{},"87cfa797-e386-49e7-bea6-c9d2ca881708":{},"20d6922d-6464-4424-98c1-115503a26016":{},"613cca13-562b-4da7-a41d-8060d0674f0d":{},"fa234e0c-86f1-4461-8313-14d8916d75d8":{},"20d00f08-702d-43f0-8647-302520266b1e":{}},"variableFields":{"99e886b1-802a-4b90-ba6a-ba3cf1e3e912":[],"ea432fbd-d02c-4ebb-a2f4-8dca09777bd4":[],"48c1e01b-3a4e-4825-b095-d63e224ea3c6":[],"696b46c3-ffcb-4713-bfd5-fd8e303eabb5":[],"8cca6350-5ef3-4277-a0fb-1c62a4adc74d":[],"28964556-f540-4c5e-82b6-ca1118710a58":[],"154ad24b-9747-4793-ab30-62332f2f2401":[],"0ab1c8ff-1f03-407d-9ded-1f20fa1e8cbd":[],"a9f15793-96a8-4513-8ca9-a970cb60a7c2":[],"a81b59d7-da93-4d46-a9f5-cb4f96f0aac5":[],"e4202c06-74c2-43c5-b8e2-33f833a5afa1":[],"7d99e5ad-b3f4-4167-a9a8-35f9944f8f49":["settings.attributes.title","settings.attributes.alt","settings.image"],"1036d310-d29e-41a9-8b2b-5f159a14f50b":[],"739d2a54-b502-498b-a794-88e41fc75599":["settings.content"],"f8676786-f288-4b7f-80d9-4c1a918f14de":["settings.content"],"787c768b-f4d4-4d0d-bef1-f623663ada31":["settings.content"],"87cfa797-e386-49e7-bea6-c9d2ca881708":["settings.linkText","settings.linkToPage"],"20d6922d-6464-4424-98c1-115503a26016":[],"613cca13-562b-4da7-a41d-8060d0674f0d":[],"fa234e0c-86f1-4461-8313-14d8916d75d8":[],"20d00f08-702d-43f0-8647-302520266b1e":[]},"meta":{"fieldHistory":[{"uuid":"a9f15793-96a8-4513-8ca9-a970cb60a7c2","type":"form-link","machineName":"cta-link"},{"uuid":"a81b59d7-da93-4d46-a9f5-cb4f96f0aac5","type":"form-input","machineName":"cta-label"},{"uuid":"154ad24b-9747-4793-ab30-62332f2f2401","type":"form-input","machineName":"description"},{"uuid":"28964556-f540-4c5e-82b6-ca1118710a58","type":"form-input","machineName":"header"},{"uuid":"8cca6350-5ef3-4277-a0fb-1c62a4adc74d","type":"form-input","machineName":"tagline"},{"uuid":"48c1e01b-3a4e-4825-b095-d63e224ea3c6","type":"form-image","machineName":"upload-image"},{"uuid":"ea432fbd-d02c-4ebb-a2f4-8dca09777bd4","type":"form-input","machineName":"image-alt"},{"uuid":"99e886b1-802a-4b90-ba6a-ba3cf1e3e912","type":"form-input","machineName":"image-title"},{"uuid":"e4202c06-74c2-43c5-b8e2-33f833a5afa1","type":"form-select","machineName":"image-position"},{"uuid":"5eda9a42-2fe5-4fbf-9ed7-2175fc476ade","type":"form-input","machineName":"tagline-statistics2"},{"uuid":"441764e1-494d-49f9-b87a-d81cbad85749","type":"form-input","machineName":"percentage2"},{"uuid":"d036b11d-d508-4521-b4ff-7f3e38c22390","type":"form-select","machineName":"arrow-direction2"},{"uuid":"8c62beb7-3c5a-4b4a-ab2a-5de29f41ba18","type":"form-input","machineName":"tagline-statistics1"},{"uuid":"8ece4bce-d3a3-4e0b-a083-2c7c483858bc","type":"form-input","machineName":"percentage1"},{"uuid":"3acc53d2-60d6-45bd-8ec1-f9916ec1108d","type":"form-select","machineName":"arrow-direction1"}]}}'
json_mapper: '{}'
last_entity_update: entityupdate_0029
locked: false
modified: true
selectable: true
category: cpt_cat_product_family
preview_image: {  }
has_quick_edit: true
entity_type_access: {  }
bundle_access: {  }
twig_template: component--cohesion-category-accessory-block
weight: 0
