uuid: e31fc3b1-1c88-4bc6-94ee-e84aeeef2b7f
langcode: en
status: true
dependencies: {  }
id: product_category_feature_block
label: 'Product Category Feature Block'
json_values: '{"canvas":[{"type":"container","uid":"container","title":"Container","status":{"collapsed":false},"uuid":"1bcccb3d-7265-49ca-8050-55051019a461","parentUid":"root","isContainer":true,"children":[{"type":"item","uid":"wysiwyg","title":"WYSIWYG","status":{"collapsed":true},"uuid":"b0a20100-228e-4b0b-928e-3f97413e2c4a","parentUid":"container","isContainer":false,"children":[]},{"type":"container","uid":"container","title":"Container","status":{"collapsed":false},"uuid":"b8ae47d0-312e-4e47-9fe3-c7673dfa48c4","parentUid":"container","isContainer":true,"children":[{"type":"container","uid":"container","title":"Container","status":{"collapsed":false,"collapsedParents":[]},"uuid":"5a722151-a758-47c2-b26d-50c36a967077","parentUid":"container","isContainer":true,"children":[{"type":"container","uid":"component-pattern-repeater","title":"Pattern repeater","status":{"collapsed":false,"collapsedParents":[]},"uuid":"94ad227b-74e5-4443-8f15-0d475280243f","parentUid":"container","isContainer":true,"children":[{"type":"container","uid":"container","title":"Container","status":{"collapsed":false,"collapsedParents":[]},"uuid":"8c60f5ec-f1ed-4ae5-939e-8a1ed5e1c6a9","parentUid":"component-pattern-repeater","isContainer":true,"children":[{"type":"item","uid":"wysiwyg","title":"WYSIWYG","status":{"collapsed":true},"uuid":"b4028681-1d40-4a44-a832-bb758bc45745","parentUid":"container","isContainer":false,"children":[]},{"type":"item","uid":"wysiwyg","title":"WYSIWYG","status":{"collapsed":true,"collapsedParents":[]},"uuid":"81d0837d-75eb-4706-bf35-24bb0585d40b","parentUid":"container","isContainer":false,"children":[]}]}]}]},{"type":"container","uid":"container","title":"Container","status":{"collapsed":false,"collapsedParents":[]},"uuid":"5d7c64cf-dcce-4cf0-93cb-0712a849a1e4","parentUid":"container","isContainer":true,"children":[{"type":"container","uid":"component-pattern-repeater","title":"Pattern repeater","status":{"collapsed":false,"collapsedParents":[]},"uuid":"99347cc2-4bd1-4390-8dce-94475bb18616","parentUid":"container","isContainer":true,"children":[{"type":"container","uid":"container","title":"Container","status":{"collapsed":false,"collapsedParents":[]},"uuid":"aeec1aaf-35e9-4d53-b693-3768e331812f","parentUid":"component-pattern-repeater","isContainer":true,"children":[{"type":"item","uid":"image","title":"Image","status":{"collapsed":true,"collapsedParents":[]},"uuid":"736522ad-6d0f-486c-9e67-8e6290f9acf3","parentUid":"container","isContainer":false,"children":[]}]}]}]}]}]}],"componentForm":[{"type":"form-field","uid":"form-wysiwyg","title":"WYSIWYG","translate":true,"status":{"collapsed":false},"uuid":"9fa6683d-81c3-40b9-b383-cfaf12775a16","parentUid":"root","isContainer":false,"children":[]},{"type":"form-field","uid":"form-colorpicker","title":"Color picker","status":{"collapsed":false},"uuid":"8cbbbf43-a12e-402d-b3fc-f62569e1d1f3","parentUid":"root","isContainer":false,"children":[]},{"type":"form-container","uid":"form-section","title":"Field group","status":{"collapsed":false},"options":{"formBuilder":true},"uuid":"2ff366ef-5369-4b2d-9d22-314561e6272f","parentUid":"root","isContainer":true,"children":[{"type":"form-field-container","uid":"form-field-repeater","title":"Field repeater","selected":false,"status":{"collapsed":false,"isopen":false},"options":{"formBuilder":true},"uuid":"169ca5e5-3a5f-4c74-8230-88fa53463c3b","parentUid":"form-section","isContainer":true,"children":[{"type":"form-field","uid":"form-wysiwyg","title":"WYSIWYG","translate":true,"status":{"collapsed":false},"uuid":"b28c5836-1285-40b5-ad18-084b9a0c02dd","parentUid":"form-field-repeater","isContainer":false,"children":[]},{"type":"form-field","uid":"form-wysiwyg","title":"WYSIWYG","translate":true,"status":{"collapsed":false},"uuid":"5ec49b6c-2260-441f-a108-dc9465b010cf","parentUid":"form-field-repeater","isContainer":false,"children":[]},{"type":"form-field","uid":"form-image","title":"Image uploader","status":{"collapsed":false},"uuid":"61682a56-a5f1-4bee-9a7f-aeb429b3bb24","parentUid":"form-field-repeater","isContainer":false,"children":[]}]}]}],"mapper":{"1bcccb3d-7265-49ca-8050-55051019a461":{"settings":{"formDefinition":[{"formKey":"container-settings","children":[{"formKey":"container-width","breakpoints":[],"activeFields":[{"name":"width","active":true}]},{"formKey":"common-link-animation","breakpoints":[{"name":"xl"}],"activeFields":[{"name":"linkAnimation","active":true},{"name":"animationType","active":true},{"name":"animationScope","active":true},{"name":"animationParent","active":true},{"name":"animationTarget","active":true},{"name":"animationScale","active":true},{"name":"animationDirection","active":true},{"name":"animationDirection","active":true},{"name":"animationDirection","active":true},{"name":"animationDistance","active":true},{"name":"animationPieces","active":true},{"name":"animationOrigin","active":true},{"name":"animationFoldHeight","active":true},{"name":"animationHorizontalFirst","active":true},{"name":"animationIterations","active":true},{"name":"animationEasing","active":true},{"name":"animationDuration","active":true}]},{"formKey":"common-link-modifier","breakpoints":[],"activeFields":[{"name":"modifier","active":true},{"name":"modifierType","active":true},{"name":"interactionScope","active":true},{"name":"interactionParent","active":true},{"name":"interactionTarget","active":true},{"name":"modifierName","active":true}]},{"formKey":"container-style","breakpoints":[],"activeFields":[{"name":"customStyle","active":true},{"name":"customStyle","active":true}]}]}],"selectorType":"topLevel","form":null,"items":[]},"markup":{"formDefinition":[{"formKey":"tab-markup-classes-and-ids","children":[{"formKey":"tab-markup-add-classes","breakpoints":[],"activeFields":[{"name":"classes","active":true}]}]}],"title":"Markup","selectorType":"topLevel","form":null,"items":[]},"styles":{"formDefinition":[{"formKey":"layout","children":[{"formKey":"margin","breakpoints":[{"name":"xl"},{"name":"sm"}],"activeFields":[{"name":"margin-equal","active":false},{"name":"margin-top","active":true},{"name":"margin-bottom","active":true},{"name":"margin-left","active":false},{"name":"margin-right","active":false},{"name":"margin-block-start","active":false},{"name":"margin-block-end","active":false},{"name":"margin-inline-start","active":false},{"name":"margin-inline-end","active":false}]},{"formKey":"padding","breakpoints":[{"name":"xl"}],"activeFields":[{"name":"padding-equal","active":false},{"name":"padding-top","active":true},{"name":"padding-bottom","active":true},{"name":"padding-left","active":true},{"name":"padding-right","active":true},{"name":"padding-block-start","active":false},{"name":"padding-block-end","active":false},{"name":"padding-inline-start","active":false},{"name":"padding-inline-end","active":false}]}]},{"formKey":"background","children":[{"formKey":"background-color","breakpoints":[{"name":"xl"}],"activeFields":[{"name":"background-color","active":true}]}]}],"selectorType":"topLevel","items":[],"form":null}},"b8ae47d0-312e-4e47-9fe3-c7673dfa48c4":{"settings":{"formDefinition":[{"formKey":"container-settings","children":[{"formKey":"container-width","breakpoints":[],"activeFields":[{"name":"width","active":true}]},{"formKey":"common-link-animation","breakpoints":[{"name":"xl"}],"activeFields":[{"name":"linkAnimation","active":true},{"name":"animationType","active":true},{"name":"animationScope","active":true},{"name":"animationParent","active":true},{"name":"animationTarget","active":true},{"name":"animationScale","active":true},{"name":"animationDirection","active":true},{"name":"animationDirection","active":true},{"name":"animationDirection","active":true},{"name":"animationDistance","active":true},{"name":"animationPieces","active":true},{"name":"animationOrigin","active":true},{"name":"animationFoldHeight","active":true},{"name":"animationHorizontalFirst","active":true},{"name":"animationIterations","active":true},{"name":"animationEasing","active":true},{"name":"animationDuration","active":true}]},{"formKey":"common-link-modifier","breakpoints":[],"activeFields":[{"name":"modifier","active":true},{"name":"modifierType","active":true},{"name":"interactionScope","active":true},{"name":"interactionParent","active":true},{"name":"interactionTarget","active":true},{"name":"modifierName","active":true}]},{"formKey":"container-style","breakpoints":[],"activeFields":[{"name":"customStyle","active":true},{"name":"customStyle","active":true}]}]}],"selectorType":"topLevel","form":null,"items":[]},"markup":{"formDefinition":[{"formKey":"tab-markup-classes-and-ids","children":[{"formKey":"tab-markup-add-classes","breakpoints":[],"activeFields":[{"name":"classes","active":true}]}]}],"title":"Markup","selectorType":"topLevel","form":null,"items":[]},"styles":{"formDefinition":[{"formKey":"layout","children":[{"formKey":"flex-container","breakpoints":[{"name":"xl"}],"activeFields":[{"name":"flex-direction","active":false},{"name":"flex-wrap","active":false},{"name":"justify-content","active":true},{"name":"justify-content-safety","active":true},{"name":"align-content","active":false},{"name":"align-content-safety","active":true},{"name":"align-items","active":false},{"name":"align-items-safety","active":true}]}]}],"selectorType":"topLevel","items":[{"title":":before","type":"container","items":[],"form":null,"selectorType":"pseudo","uuid":"9305d47a-68ac-4335-a926-3ba402c69d77","allowedTypes":["child","pseudo"],"formDefinition":[{"formKey":"custom-css","children":[{"formKey":"css-property-and-css-value","breakpoints":[{"name":"xl"}],"activeFields":[{"name":"custom-css","active":true},{"name":"customCssProperty","active":true},{"name":"customCss","active":true}]}]}]},{"title":":after","type":"container","items":[],"form":null,"selectorType":"pseudo","uuid":"790e4806-9620-480f-8d6f-8dfd413272d6","allowedTypes":["child","pseudo"],"formDefinition":[{"formKey":"custom-css","children":[{"formKey":"css-property-and-css-value","breakpoints":[{"name":"xl"}],"activeFields":[{"name":"custom-css","active":true},{"name":"customCssProperty","active":true},{"name":"customCss","active":true}]}]}]}],"form":null}},"5d7c64cf-dcce-4cf0-93cb-0712a849a1e4":{"settings":{"formDefinition":[{"formKey":"container-settings","children":[{"formKey":"container-width","breakpoints":[],"activeFields":[{"name":"width","active":true}]},{"formKey":"common-link-animation","breakpoints":[{"name":"xl"}],"activeFields":[{"name":"linkAnimation","active":true},{"name":"animationType","active":true},{"name":"animationScope","active":true},{"name":"animationParent","active":true},{"name":"animationTarget","active":true},{"name":"animationScale","active":true},{"name":"animationDirection","active":true},{"name":"animationDirection","active":true},{"name":"animationDirection","active":true},{"name":"animationDistance","active":true},{"name":"animationPieces","active":true},{"name":"animationOrigin","active":true},{"name":"animationFoldHeight","active":true},{"name":"animationHorizontalFirst","active":true},{"name":"animationIterations","active":true},{"name":"animationEasing","active":true},{"name":"animationDuration","active":true}]},{"formKey":"common-link-modifier","breakpoints":[],"activeFields":[{"name":"modifier","active":true},{"name":"modifierType","active":true},{"name":"interactionScope","active":true},{"name":"interactionParent","active":true},{"name":"interactionTarget","active":true},{"name":"modifierName","active":true}]},{"formKey":"container-style","breakpoints":[],"activeFields":[{"name":"customStyle","active":true},{"name":"customStyle","active":true}]}]}],"selectorType":"topLevel","form":null,"items":[]},"markup":{"formDefinition":[{"formKey":"tab-markup-classes-and-ids","children":[{"formKey":"tab-markup-add-classes","breakpoints":[],"activeFields":[{"name":"classes","active":true}]}]}],"title":"Markup","selectorType":"topLevel","form":null,"items":[]},"styles":{"formDefinition":[{"formKey":"layout","children":[{"formKey":"width","breakpoints":[{"name":"xl"},{"name":"sm"}],"activeFields":[{"name":"min-width","active":false},{"name":"max-width","active":false},{"name":"width","active":true}]}]}],"selectorType":"topLevel","items":[{"title":":before","type":"container","items":[],"form":null,"selectorType":"pseudo","uuid":"b29067be-2637-4abd-beb2-5adb9c7f44b7","allowedTypes":["child","pseudo"],"formDefinition":[{"formKey":"custom-css","children":[{"formKey":"css-property-and-css-value","breakpoints":[{"name":"xl"}],"activeFields":[{"name":"custom-css","active":true},{"name":"customCssProperty","active":true},{"name":"customCss","active":true}]}]}]},{"title":":after","type":"container","items":[],"form":null,"selectorType":"pseudo","uuid":"02fc1f9a-01ad-4ccc-8f45-ad94ed91d59a","allowedTypes":["child","pseudo"],"formDefinition":[{"formKey":"custom-css","children":[{"formKey":"css-property-and-css-value","breakpoints":[{"name":"xl"}],"activeFields":[{"name":"custom-css","active":true},{"name":"customCssProperty","active":true},{"name":"customCss","active":true}]}]}]}],"form":null}},"99347cc2-4bd1-4390-8dce-94475bb18616":{"settings":{"formDefinition":[{"formKey":"component-pattern-repeater-settings","children":[{"formKey":"component-pattern-repeater-token","breakpoints":[],"activeFields":[{"name":"token","active":true}]}]}],"selectorType":"topLevel","form":null,"items":[]}},"aeec1aaf-35e9-4d53-b693-3768e331812f":{"settings":{"formDefinition":[{"formKey":"container-settings","children":[{"formKey":"container-width","breakpoints":[],"activeFields":[{"name":"width","active":true}]},{"formKey":"common-link-animation","breakpoints":[{"name":"xl"}],"activeFields":[{"name":"linkAnimation","active":true},{"name":"animationType","active":true},{"name":"animationScope","active":true},{"name":"animationParent","active":true},{"name":"animationTarget","active":true},{"name":"animationScale","active":true},{"name":"animationDirection","active":true},{"name":"animationDirection","active":true},{"name":"animationDirection","active":true},{"name":"animationDistance","active":true},{"name":"animationPieces","active":true},{"name":"animationOrigin","active":true},{"name":"animationFoldHeight","active":true},{"name":"animationHorizontalFirst","active":true},{"name":"animationIterations","active":true},{"name":"animationEasing","active":true},{"name":"animationDuration","active":true}]},{"formKey":"common-link-modifier","breakpoints":[],"activeFields":[{"name":"modifier","active":true},{"name":"modifierType","active":true},{"name":"interactionScope","active":true},{"name":"interactionParent","active":true},{"name":"interactionTarget","active":true},{"name":"modifierName","active":true}]},{"formKey":"container-style","breakpoints":[],"activeFields":[{"name":"customStyle","active":true},{"name":"customStyle","active":true}]}]}],"selectorType":"topLevel","form":null,"items":[]},"markup":{"formDefinition":[{"formKey":"tab-markup-classes-and-ids","children":[{"formKey":"tab-markup-add-classes","breakpoints":[],"activeFields":[{"name":"classes","active":true}]}]},{"formKey":"tab-markup-attributes","children":[{"formKey":"tab-markup-add-attributes-values","breakpoints":[],"activeFields":[{"name":"attributes","active":true},{"name":"attribute","active":true},{"name":0,"active":true}]}]}],"title":"Markup","selectorType":"topLevel","form":null,"items":[]}},"736522ad-6d0f-486c-9e67-8e6290f9acf3":{"settings":{"formDefinition":[{"formKey":"image-settings","children":[{"formKey":"image-image","breakpoints":[],"activeFields":[{"name":"image","active":true},{"name":"title","active":true},{"name":"alt","active":true},{"name":"lazyload","active":true}]},{"formKey":"image-size","breakpoints":[{"name":"xl"}],"activeFields":[{"name":"displaySize","active":true},{"name":"imageAlignment","active":true}]},{"formKey":"image-style","breakpoints":[],"activeFields":[{"name":"imageStyle","active":true},{"name":"customStyle","active":true},{"name":"customStyle","active":true}]}]}],"selectorType":"topLevel","form":null,"items":[]}},"5a722151-a758-47c2-b26d-50c36a967077":{"settings":{"formDefinition":[{"formKey":"container-settings","children":[{"formKey":"container-width","breakpoints":[],"activeFields":[{"name":"width","active":true}]},{"formKey":"common-link-animation","breakpoints":[{"name":"xl"}],"activeFields":[{"name":"linkAnimation","active":true},{"name":"animationType","active":true},{"name":"animationScope","active":true},{"name":"animationParent","active":true},{"name":"animationTarget","active":true},{"name":"animationScale","active":true},{"name":"animationDirection","active":true},{"name":"animationDirection","active":true},{"name":"animationDirection","active":true},{"name":"animationDistance","active":true},{"name":"animationPieces","active":true},{"name":"animationOrigin","active":true},{"name":"animationFoldHeight","active":true},{"name":"animationHorizontalFirst","active":true},{"name":"animationIterations","active":true},{"name":"animationEasing","active":true},{"name":"animationDuration","active":true}]},{"formKey":"common-link-modifier","breakpoints":[],"activeFields":[{"name":"modifier","active":true},{"name":"modifierType","active":true},{"name":"interactionScope","active":true},{"name":"interactionParent","active":true},{"name":"interactionTarget","active":true},{"name":"modifierName","active":true}]},{"formKey":"container-style","breakpoints":[],"activeFields":[{"name":"customStyle","active":true},{"name":"customStyle","active":true}]}]}],"selectorType":"topLevel","form":null,"items":[]},"markup":{"formDefinition":[{"formKey":"tab-markup-classes-and-ids","children":[{"formKey":"tab-markup-add-classes","breakpoints":[],"activeFields":[{"name":"classes","active":true}]}]}],"title":"Markup","selectorType":"topLevel","form":null,"items":[]},"styles":{"formDefinition":[{"formKey":"custom-css","children":[{"formKey":"css-property-and-css-value","breakpoints":[{"name":"xl"},{"name":"sm"}],"activeFields":[{"name":"custom-css","active":true},{"name":"customCssProperty","active":true},{"name":"customCss","active":true},{"name":"customCssProperty","active":true},{"name":"customCss","active":true}]}]}],"selectorType":"topLevel","items":[{"title":":before","type":"container","items":[],"form":null,"selectorType":"pseudo","uuid":"be0b5c95-5e02-40d9-9888-c50739573644","allowedTypes":["child","pseudo"],"formDefinition":[{"formKey":"custom-css","children":[{"formKey":"css-property-and-css-value","breakpoints":[{"name":"xl"}],"activeFields":[{"name":"custom-css","active":true},{"name":"customCssProperty","active":true},{"name":"customCss","active":true}]}]}]},{"title":":after","type":"container","items":[],"form":null,"selectorType":"pseudo","uuid":"4724db89-51d8-4df0-ae9f-afc5f0bb4f36","allowedTypes":["child","pseudo"],"formDefinition":[{"formKey":"custom-css","children":[{"formKey":"css-property-and-css-value","breakpoints":[{"name":"xl"}],"activeFields":[{"name":"custom-css","active":true},{"name":"customCssProperty","active":true},{"name":"customCss","active":true}]}]}]}],"form":null}},"94ad227b-74e5-4443-8f15-0d475280243f":{"settings":{"formDefinition":[{"formKey":"component-pattern-repeater-settings","children":[{"formKey":"component-pattern-repeater-token","breakpoints":[],"activeFields":[{"name":"token","active":true}]}]}],"selectorType":"topLevel","form":null,"items":[]}},"8c60f5ec-f1ed-4ae5-939e-8a1ed5e1c6a9":{"settings":{"formDefinition":[{"formKey":"container-settings","children":[{"formKey":"container-width","breakpoints":[],"activeFields":[{"name":"width","active":true}]},{"formKey":"common-link-animation","breakpoints":[{"name":"xl"}],"activeFields":[{"name":"linkAnimation","active":true},{"name":"animationType","active":true},{"name":"animationScope","active":true},{"name":"animationParent","active":true},{"name":"animationTarget","active":true},{"name":"animationScale","active":true},{"name":"animationDirection","active":true},{"name":"animationDirection","active":true},{"name":"animationDirection","active":true},{"name":"animationDistance","active":true},{"name":"animationPieces","active":true},{"name":"animationOrigin","active":true},{"name":"animationFoldHeight","active":true},{"name":"animationHorizontalFirst","active":true},{"name":"animationIterations","active":true},{"name":"animationEasing","active":true},{"name":"animationDuration","active":true}]},{"formKey":"common-link-modifier","breakpoints":[],"activeFields":[{"name":"modifier","active":true},{"name":"modifierType","active":true},{"name":"interactionScope","active":true},{"name":"interactionParent","active":true},{"name":"interactionTarget","active":true},{"name":"modifierName","active":true}]},{"formKey":"container-style","breakpoints":[],"activeFields":[{"name":"customStyle","active":true},{"name":"customStyle","active":true}]}]}],"selectorType":"topLevel","form":null,"items":[]},"markup":{"formDefinition":[{"formKey":"tab-markup-classes-and-ids","children":[{"formKey":"tab-markup-add-classes","breakpoints":[],"activeFields":[{"name":"classes","active":true}]}]},{"formKey":"tab-markup-attributes","children":[{"formKey":"tab-markup-add-attributes-values","breakpoints":[],"activeFields":[{"name":"attributes","active":true},{"name":"attribute","active":true},{"name":0,"active":true}]}]}],"title":"Markup","selectorType":"topLevel","form":null,"items":[]},"styles":{"formDefinition":[{"formKey":"custom-css","children":[{"formKey":"css-property-and-css-value","breakpoints":[],"activeFields":[]}]}],"selectorType":"topLevel","items":[],"form":null}},"81d0837d-75eb-4706-bf35-24bb0585d40b":{"settings":{"formDefinition":[{"formKey":"wysiwyg-settings","children":[{"formKey":"wysiwyg-editor","breakpoints":[],"activeFields":[{"name":"content","active":true}]}]}],"selectorType":"topLevel","form":null,"items":[]},"markup":{"formDefinition":[{"formKey":"tab-markup-classes-and-ids","children":[{"formKey":"tab-markup-add-classes","breakpoints":[],"activeFields":[{"name":"classes","active":true}]}]}],"title":"Markup","selectorType":"topLevel","form":null,"items":[]}},"b4028681-1d40-4a44-a832-bb758bc45745":{"settings":{"formDefinition":[{"formKey":"wysiwyg-settings","children":[{"formKey":"wysiwyg-editor","breakpoints":[],"activeFields":[{"name":"content","active":true}]}]}],"selectorType":"topLevel","form":null,"items":[]},"markup":{"formDefinition":[{"formKey":"tab-markup-classes-and-ids","children":[{"formKey":"tab-markup-add-classes","breakpoints":[],"activeFields":[{"name":"classes","active":true}]}]}],"title":"Markup","selectorType":"topLevel","form":null,"items":[]},"styles":{"formDefinition":[],"selectorType":"topLevel","items":[{"title":"p","type":"container","items":[],"form":null,"selectorType":"child","model":"p","uuid":"b7cba821-a1cd-4439-8778-1a2588687d87","allowedTypes":["child","pseudo","modifier"],"formDefinition":[{"formKey":"font","children":[{"formKey":"font-and-color","breakpoints":[{"name":"xl"}],"activeFields":[{"name":"font-family","active":true},{"name":"font-weight","active":true},{"name":"color","active":true}]},{"formKey":"font-sizing-and-alignment","breakpoints":[{"name":"xl"}],"activeFields":[{"name":"font-size","active":true},{"name":"line-height","active":true},{"name":"text-align","active":true},{"name":"letter-spacing","active":true},{"name":"word-spacing","active":true},{"name":"text-indent","active":true}]},{"formKey":"font-style-and-wrapping","breakpoints":[{"name":"xl"}],"activeFields":[{"name":"font-style","active":true},{"name":"text-transform","active":true},{"name":"text-decoration","active":true},{"name":"word-wrap","active":true},{"name":"direction","active":true}]}]},{"formKey":"layout","children":[{"formKey":"width","breakpoints":[{"name":"xl"}],"activeFields":[{"name":"min-width","active":true},{"name":"max-width","active":true},{"name":"width","active":true}]}]}]}],"form":null}},"b0a20100-228e-4b0b-928e-3f97413e2c4a":{"settings":{"formDefinition":[{"formKey":"wysiwyg-settings","children":[{"formKey":"wysiwyg-editor","breakpoints":[],"activeFields":[{"name":"content","active":true}]}]}],"selectorType":"topLevel","form":null,"items":[]},"markup":{"formDefinition":[{"formKey":"tab-markup-classes-and-ids","children":[{"formKey":"tab-markup-add-classes","breakpoints":[],"activeFields":[{"name":"classes","active":true}]}]}],"title":"Markup","selectorType":"topLevel","form":null,"items":[]},"styles":{"formDefinition":[],"selectorType":"topLevel","items":[{"title":"p","type":"container","items":[],"form":null,"selectorType":"child","model":"p","uuid":"a178437a-f348-4651-865b-1092bab96a0d","allowedTypes":["child","pseudo","modifier"],"formDefinition":[{"formKey":"font","children":[{"formKey":"font-and-color","breakpoints":[{"name":"xl"}],"activeFields":[{"name":"font-family","active":false},{"name":"font-weight","active":true},{"name":"color","active":true}]},{"formKey":"font-sizing-and-alignment","breakpoints":[{"name":"xl"}],"activeFields":[{"name":"font-size","active":true},{"name":"line-height","active":true},{"name":"text-align","active":true},{"name":"letter-spacing","active":false},{"name":"word-spacing","active":false},{"name":"text-indent","active":false}]},{"formKey":"font-style-and-wrapping","breakpoints":[{"name":"xl"}],"activeFields":[{"name":"font-style","active":true},{"name":"text-transform","active":true},{"name":"text-decoration","active":true},{"name":"word-wrap","active":true},{"name":"direction","active":true}]}]},{"formKey":"layout","children":[{"formKey":"margin","breakpoints":[{"name":"xl"}],"activeFields":[{"name":"margin-equal","active":false},{"name":"margin-top","active":false},{"name":"margin-bottom","active":true},{"name":"margin-left","active":false},{"name":"margin-right","active":false},{"name":"margin-block-start","active":false},{"name":"margin-block-end","active":false},{"name":"margin-inline-start","active":false},{"name":"margin-inline-end","active":false}]}]}]}],"form":null}}},"model":{"1bcccb3d-7265-49ca-8050-55051019a461":{"settings":{"title":"category-feature-block","width":"boxed","customStyle":[{"customStyle":""}],"settings":{"width":"fluid","customStyle":[{"customStyle":""}]}},"context-visibility":{"contextVisibility":{"condition":"ALL"}},"styles":{"settings":{"element":"container"},"styles":{"xl":{"margin":{"margin-bottom":{"value":"80px"},"margin-top":{"value":"70px"}},"background-color":{"value":"[field.8cbbbf43-a12e-402d-b3fc-f62569e1d1f3]"},"padding":{"padding-top":{"value":"20px"},"padding-bottom":{"value":"20px"},"padding-left":{"value":"20px"},"padding-right":{"value":"20px"}}},"sm":{"margin":{"margin-bottom":{"value":"40px"},"margin-top":{"value":"40px"}}}}},"markup":{"classes":"category-feature-block"}},"b0a20100-228e-4b0b-928e-3f97413e2c4a":{"settings":{"title":"WYSIWYG: category-feature-header","content":"[field.9fa6683d-81c3-40b9-b383-cfaf12775a16]"},"context-visibility":{"contextVisibility":{"condition":"ALL"}},"styles":{"settings":{"element":"wysiwyg"},"a178437a-f348-4651-865b-1092bab96a0d":{"settings":{"element":"p","class":"","combinator":"","pseudo":""},"styles":{"xl":{"font-weight":{"value":"600"},"color":{"value":{"value":{"hex":"#000000","rgba":"rgba(0, 0, 0, 1)"},"name":"Black","uid":"black","class":".coh-color-black","variable":"$coh-color-black","wysiwyg":true,"inuse":true,"link":true,"tags":["Dark"]}},"font-size":{"value":"24px"},"line-height":{"value":"21.92px"},"text-align":{"value":"left"},"margin":{"margin-bottom":{"value":"1.5rem"}},"text-transform":{"value":"uppercase"}}}}},"markup":{"classes":"category-feature-header"}},"b8ae47d0-312e-4e47-9fe3-c7673dfa48c4":{"settings":{"title":"category-feature-container","width":"fluid","customStyle":[{"customStyle":""}],"settings":{"width":"fluid","customStyle":[{"customStyle":""}]}},"context-visibility":{"contextVisibility":{"condition":"ALL"}},"styles":{"settings":{"element":"container"},"styles":{"xl":{"flex-container":{"justify-content":{"value":"space-between"}}}},"9305d47a-68ac-4335-a926-3ba402c69d77":{"settings":{"element":"","class":"","combinator":"","pseudo":":before"},"styles":{"xl":{"custom-css":[{"customCssProperty":{"value":"display"},"customCss":{"value":"none !important;"}}]}}},"790e4806-9620-480f-8d6f-8dfd413272d6":{"settings":{"element":"","class":"","combinator":"","pseudo":":after"},"styles":{"xl":{"custom-css":[{"customCssProperty":{"value":"display"},"customCss":{"value":"none !important;"}}]}}}},"markup":{"classes":"category-feature-container"}},"5a722151-a758-47c2-b26d-50c36a967077":{"settings":{"title":"category-feature-list","width":"fluid","customStyle":[{"customStyle":""}],"settings":{"width":"fluid","customStyle":[{"customStyle":""}]}},"context-visibility":{"contextVisibility":{"condition":"ALL"}},"styles":{"settings":{"element":"container"},"styles":{"xl":{"custom-css":[{"customCssProperty":{"value":"width"},"customCss":{"value":"34%;"}}]},"sm":{"custom-css":[{"customCssProperty":{"value":"width"},"customCss":{"value":"100%;"}},{"customCssProperty":{"value":"margin-bottom"},"customCss":{"value":"1.5rem;"}}]}},"be0b5c95-5e02-40d9-9888-c50739573644":{"settings":{"element":"","class":"","combinator":"","pseudo":":before"},"styles":{"xl":{"custom-css":[{"customCssProperty":{"value":"display"},"customCss":{"value":"none !important;"}}]}}},"4724db89-51d8-4df0-ae9f-afc5f0bb4f36":{"settings":{"element":"","class":"","combinator":"","pseudo":":after"},"styles":{"xl":{"custom-css":[{"customCssProperty":{"value":"display"},"customCss":{"value":"none !important;"}}]}}}},"markup":{"classes":"category-feature-list"}},"94ad227b-74e5-4443-8f15-0d475280243f":{"settings":{"title":"Feature repeater","token":"[field.169ca5e5-3a5f-4c74-8230-88fa53463c3b]"}},"8c60f5ec-f1ed-4ae5-939e-8a1ed5e1c6a9":{"settings":{"title":"category-feature-item","width":"fluid","customStyle":[{"customStyle":""}],"settings":{"width":"fluid","customStyle":[{"customStyle":""}]}},"context-visibility":{"contextVisibility":{"condition":"ALL"}},"styles":{"settings":{"element":"container"},"styles":{"xl":{}}},"markup":{"classes":"category-feature-item","attributes":[{"attribute":"data-tab-index","value":"[field.169ca5e5-3a5f-4c74-8230-88fa53463c3b]"}]}},"b4028681-1d40-4a44-a832-bb758bc45745":{"settings":{"title":"WYSIWYG: category-feature-title","content":"[field.b28c5836-1285-40b5-ad18-084b9a0c02dd]"},"context-visibility":{"contextVisibility":{"condition":"ALL"}},"styles":{"settings":{"element":"wysiwyg"},"b7cba821-a1cd-4439-8778-1a2588687d87":{"settings":{"element":"p","class":"","combinator":"","pseudo":""},"styles":{"xl":{"font-size":{"value":"24px"},"line-height":{"value":"29px"},"letter-spacing":{"value":"0em"},"text-align":{"value":"left"},"max-width":{"value":"29rem"},"font-style":{"value":"normal"},"font-weight":{"value":"700"}}}}},"markup":{"classes":"category-feature-title"}},"81d0837d-75eb-4706-bf35-24bb0585d40b":{"settings":{"title":"category-feature-description","content":"[field.5ec49b6c-2260-441f-a108-dc9465b010cf]"},"context-visibility":{"contextVisibility":{"condition":"ALL"}},"styles":{"settings":{"element":"wysiwyg"}},"markup":{"classes":"category-feature-description"}},"5d7c64cf-dcce-4cf0-93cb-0712a849a1e4":{"settings":{"title":"category-feature-image-wrap","width":"fluid","customStyle":[{"customStyle":""}],"settings":{"width":"fluid","customStyle":[{"customStyle":""}]}},"context-visibility":{"contextVisibility":{"condition":"ALL"}},"styles":{"settings":{"element":"container"},"styles":{"xl":{"width":{"value":"65%"}},"sm":{"width":{"value":"100%"}}},"b29067be-2637-4abd-beb2-5adb9c7f44b7":{"settings":{"element":"","class":"","combinator":"","pseudo":":before"},"styles":{"xl":{"custom-css":[{"customCssProperty":{"value":"display"},"customCss":{"value":"none !important;"}}]}}},"02fc1f9a-01ad-4ccc-8f45-ad94ed91d59a":{"settings":{"element":"","class":"","combinator":"","pseudo":":after"},"styles":{"xl":{"custom-css":[{"customCssProperty":{"value":"display"},"customCss":{"value":"none !important;"}}]}}}},"markup":{"classes":"category-feature-image-wrap"}},"99347cc2-4bd1-4390-8dce-94475bb18616":{"settings":{"title":"Feature repeater","token":"[field.169ca5e5-3a5f-4c74-8230-88fa53463c3b]"}},"aeec1aaf-35e9-4d53-b693-3768e331812f":{"settings":{"title":"category-feature-image","width":"fluid","customStyle":[{"customStyle":""}],"settings":{"width":"fluid","customStyle":[{"customStyle":""}]}},"context-visibility":{"contextVisibility":{"condition":"ALL"}},"styles":{"settings":{"element":"container"}},"markup":{"classes":"category-feature-image","attributes":[{"attribute":"","value":""}]}},"736522ad-6d0f-486c-9e67-8e6290f9acf3":{"settings":{"title":"Image","styles":{"xl":{"displaySize":"coh-image-responsive","imageAlignment":"coh-image-align-left"}},"customStyle":[{"customStyle":""}],"lazyload":true,"settings":{"lazyload":false,"styles":{"xl":{"displaySize":"coh-image-responsive"}},"imageStyle":"","customStyle":[{"customStyle":""}]},"imageStyle":"category_featured_product","image":"[field.61682a56-a5f1-4bee-9a7f-aeb429b3bb24]"},"context-visibility":{"contextVisibility":{"condition":"ALL"}},"styles":{"settings":{"element":"img"}}},"9fa6683d-81c3-40b9-b383-cfaf12775a16":{"settings":{"title":"Header","type":"cohWysiwyg","schema":{"type":"object"},"machineName":"header","tooltipPlacement":"auto right","tooltipText":"Enter the Header for the Product Category Feature"},"contextVisibility":{"condition":"ALL"},"model":{"value":{"text":"","textFormat":"script_format"}}},"8cbbbf43-a12e-402d-b3fc-f62569e1d1f3":{"settings":{"title":"Container Background Color","type":"cohColourPickerOpener","colourPickerOptions":{"flat":true,"showOnly":""},"schema":{"type":"object"},"machineName":"container-background-color","restrictBy":"none","tooltipPlacement":"auto right"},"contextVisibility":{"condition":"ALL"}},"2ff366ef-5369-4b2d-9d22-314561e6272f":{"settings":{"title":"Feature Group","type":"cohSection","hideRowHeading":0,"removePadding":0,"columnCount":"coh-component-field-group-1-col","breakpointIcon":"","breakpoints":false,"propertiesMenu":false,"disableScrollbar":true,"disableEllipsisMenu":true,"isOpen":true},"contextVisibility":{"condition":"ALL"}},"169ca5e5-3a5f-4c74-8230-88fa53463c3b":{"settings":{"title":"Feature repeater","type":"cohArray","componentField":true,"noTitle":true,"htmlClass":"coh-array--field-repeater","disableScrollbar":true,"addText":"Add Another Feature","key":"field-repeater","sortable":true,"sortableOptions":{"axis":"y","handle":true},"schema":{"type":"array"},"machineName":"feature-repeater","min":1,"max":10,"increment":1,"tooltipPlacement":"auto right"},"sortable":true,"sortableOptions":{"axis":"y","handle":true},"contextVisibility":{"condition":"ALL"}},"b28c5836-1285-40b5-ad18-084b9a0c02dd":{"settings":{"title":"Feature Headline","type":"cohWysiwyg","schema":{"type":"object"},"machineName":"feature-headline","tooltipPlacement":"auto right","tooltipText":"Enter the Feature Headline..."},"contextVisibility":{"condition":"ALL"},"model":{"value":{"text":"","textFormat":"script_format"}}},"5ec49b6c-2260-441f-a108-dc9465b010cf":{"settings":{"title":"Feature Description","type":"cohWysiwyg","schema":{"type":"object"},"machineName":"feature-description","tooltipPlacement":"auto right","tooltipText":"Enter the Feature Description Here"},"contextVisibility":{"condition":"ALL"},"model":{}},"61682a56-a5f1-4bee-9a7f-aeb429b3bb24":{"settings":{"title":"Feature Image","type":"cohFileBrowser","options":{"buttonText":"Select image","imageUploader":false,"allowedDescription":"Allowed: png, gif, jpg, jpeg \nMax file size: 2MB","removeLabel":"Remove"},"isStyle":true,"defaultActive":true,"schema":{"type":"string","required":true},"machineName":"feature-image","tooltipPlacement":"auto right","tooltipText":""},"contextVisibility":{"condition":"ALL"}}},"previewModel":{"1bcccb3d-7265-49ca-8050-55051019a461":{},"2ff366ef-5369-4b2d-9d22-314561e6272f":{},"169ca5e5-3a5f-4c74-8230-88fa53463c3b":{},"5ec49b6c-2260-441f-a108-dc9465b010cf":{},"61682a56-a5f1-4bee-9a7f-aeb429b3bb24":{},"b8ae47d0-312e-4e47-9fe3-c7673dfa48c4":{},"5a722151-a758-47c2-b26d-50c36a967077":{},"5d7c64cf-dcce-4cf0-93cb-0712a849a1e4":{},"8c60f5ec-f1ed-4ae5-939e-8a1ed5e1c6a9":{},"94ad227b-74e5-4443-8f15-0d475280243f":{},"81d0837d-75eb-4706-bf35-24bb0585d40b":{"settings":{"content":{"text":"","textFormat":"cohesion"}}},"99347cc2-4bd1-4390-8dce-94475bb18616":{},"aeec1aaf-35e9-4d53-b693-3768e331812f":{},"736522ad-6d0f-486c-9e67-8e6290f9acf3":{"settings":{"image":""}},"8cbbbf43-a12e-402d-b3fc-f62569e1d1f3":{},"08c78063-a56d-4765-943e-c220c5186538":{},"9fa6683d-81c3-40b9-b383-cfaf12775a16":{},"f4b24a6f-8936-44ea-a059-2e8279c9323c":{},"b28c5836-1285-40b5-ad18-084b9a0c02dd":{},"b0a20100-228e-4b0b-928e-3f97413e2c4a":{"settings":{"content":{"text":"","textFormat":"cohesion"}}},"b4028681-1d40-4a44-a832-bb758bc45745":{"settings":{"content":{"text":"","textFormat":"cohesion"}}}},"variableFields":{"1bcccb3d-7265-49ca-8050-55051019a461":["styles.styles.xl.background-color.value"],"2ff366ef-5369-4b2d-9d22-314561e6272f":[],"169ca5e5-3a5f-4c74-8230-88fa53463c3b":[],"5ec49b6c-2260-441f-a108-dc9465b010cf":[],"61682a56-a5f1-4bee-9a7f-aeb429b3bb24":[],"b8ae47d0-312e-4e47-9fe3-c7673dfa48c4":[],"5a722151-a758-47c2-b26d-50c36a967077":[],"5d7c64cf-dcce-4cf0-93cb-0712a849a1e4":[],"8c60f5ec-f1ed-4ae5-939e-8a1ed5e1c6a9":["markup.attributes.0.value"],"94ad227b-74e5-4443-8f15-0d475280243f":["settings.token"],"81d0837d-75eb-4706-bf35-24bb0585d40b":["settings.content"],"99347cc2-4bd1-4390-8dce-94475bb18616":["settings.token"],"aeec1aaf-35e9-4d53-b693-3768e331812f":[],"736522ad-6d0f-486c-9e67-8e6290f9acf3":["settings.image"],"8cbbbf43-a12e-402d-b3fc-f62569e1d1f3":[],"08c78063-a56d-4765-943e-c220c5186538":[],"9fa6683d-81c3-40b9-b383-cfaf12775a16":[],"f4b24a6f-8936-44ea-a059-2e8279c9323c":[],"b28c5836-1285-40b5-ad18-084b9a0c02dd":[],"b0a20100-228e-4b0b-928e-3f97413e2c4a":["markup.classes","settings.content"],"b4028681-1d40-4a44-a832-bb758bc45745":["markup.classes","settings.content"]},"meta":{"fieldHistory":[{"uuid":"61682a56-a5f1-4bee-9a7f-aeb429b3bb24","type":"form-image","machineName":"feature-image"},{"uuid":"5ec49b6c-2260-441f-a108-dc9465b010cf","type":"form-wysiwyg","machineName":"feature-description"},{"uuid":"b28c5836-1285-40b5-ad18-084b9a0c02dd","type":"form-wysiwyg","machineName":"feature-headline"},{"uuid":"169ca5e5-3a5f-4c74-8230-88fa53463c3b","type":"form-field-repeater","machineName":"feature-repeater"},{"uuid":"8cbbbf43-a12e-402d-b3fc-f62569e1d1f3","type":"form-colorpicker","machineName":"container-background-color"},{"uuid":"9fa6683d-81c3-40b9-b383-cfaf12775a16","type":"form-wysiwyg","machineName":"header"},{"uuid":"f4b24a6f-8936-44ea-a059-2e8279c9323c","type":"form-wysiwyg","machineName":"feature-headline1"},{"uuid":"08c78063-a56d-4765-943e-c220c5186538","type":"form-wysiwyg","machineName":"header1"},{"uuid":"4f96029c-9aa1-48a4-9659-8bb5147b3e7d","type":"form-wysiwyg","machineName":"content"}]}}'
json_mapper: '{}'
last_entity_update: entityupdate_0029
locked: false
modified: true
selectable: true
category: cpt_cat_templates
preview_image: {  }
has_quick_edit: true
entity_type_access: {  }
bundle_access: {  }
twig_template: component--cohesion-product-category-feature-block
weight: 0
