uuid: bf7658ad-923e-4991-a3f9-7ecd293750d6
langcode: en
status: true
dependencies: {  }
id: cpt_promotion_block
label: 'Homepage Careers'
json_values: '{"canvas":[{"type":"container","uid":"container","title":"Container","status":{"collapsed":false},"uuid":"00728e49-1e32-4123-a678-49ba696c8cdc","parentUid":"root","isContainer":true,"children":[{"type":"container","uid":"container","title":"Container","status":{"collapsed":false},"uuid":"08cded6a-e31c-431c-88e5-a86987a5f610","parentUid":"container","isContainer":true,"children":[{"type":"item","uid":"image","title":"Image","status":{"collapsed":true,"collapsedParents":[]},"uuid":"af9648c5-48c0-4677-b13a-7ac7f0f790c5","parentUid":"container","isContainer":false,"children":[]},{"type":"container","uid":"container","title":"Container","status":{"collapsed":false,"collapsedParents":[]},"uuid":"d43c5257-7b05-488f-877f-5e598193c96d","parentUid":"container","isContainer":true,"children":[{"type":"item","uid":"wysiwyg","title":"WYSIWYG","status":{"collapsed":true},"uuid":"2fa8df24-49e6-4922-a32d-4aa6be19b6ff","parentUid":"container","isContainer":false,"children":[]},{"type":"item","uid":"wysiwyg","title":"WYSIWYG","status":{"collapsed":true},"uuid":"afe10823-686c-4de2-b91a-43a045c5de7f","parentUid":"container","isContainer":false,"children":[]},{"type":"item","uid":"wysiwyg","title":"WYSIWYG","status":{"collapsed":true},"uuid":"b491d840-82f0-43c4-b9e8-7d5202cb7f8f","parentUid":"container","isContainer":false,"children":[]},{"type":"container","uid":"link","title":"Link","status":{"collapsed":true,"collapsedParents":[]},"uuid":"712391e0-ee4e-4424-a96a-5dcf2212fd63","parentUid":"container","isContainer":true,"children":[]}]}]}]}],"componentForm":[{"type":"form-container","uid":"form-section","title":"Field group","status":{"collapsed":false},"options":{"formBuilder":true},"uuid":"83a4ad14-9938-4487-911a-b91aecc812c7","parentUid":"root","isContainer":true,"children":[{"type":"form-field","uid":"form-image","title":"Image uploader","status":{"collapsed":false},"uuid":"6324c651-91c5-41b2-85cf-fa8d52009a32","parentUid":"form-section","isContainer":false,"children":[]},{"type":"form-field","uid":"form-input","title":"Input","translate":true,"status":{"collapsed":false},"uuid":"2f2d925e-3bb5-4a19-9730-8a4ba2e16fa3","parentUid":"form-section","isContainer":false,"children":[]},{"type":"form-field","uid":"form-input","title":"Input","translate":true,"status":{"collapsed":false},"uuid":"679415f5-9002-4561-ad8e-7a39e8a9bc3c","parentUid":"form-section","isContainer":false,"children":[]}]},{"type":"form-field","uid":"form-wysiwyg","title":"WYSIWYG","translate":true,"status":{"collapsed":false},"uuid":"d6663b6a-a120-4a44-9f9d-7862ef75fe73","parentUid":"root","isContainer":false,"children":[]},{"type":"form-field","uid":"form-wysiwyg","title":"WYSIWYG","translate":true,"status":{"collapsed":false},"uuid":"d70a8f74-fea5-42f5-938c-57c328594650","parentUid":"root","isContainer":false,"children":[]},{"type":"form-field","uid":"form-wysiwyg","title":"WYSIWYG","translate":true,"status":{"collapsed":false},"uuid":"15b8900a-7c75-448d-a093-3e10afe49d7c","parentUid":"root","isContainer":false,"children":[]},{"type":"form-field","uid":"form-input","title":"Input","translate":true,"status":{"collapsed":false},"uuid":"dcf42279-a0a3-4853-9b0e-06784b4a0405","parentUid":"root","isContainer":false,"children":[]},{"type":"form-field","uid":"form-link","title":"Link","translate":true,"status":{"collapsed":false},"uuid":"4c121fb0-0f03-4e0c-ab11-e3bf5fca9083","parentUid":"root","isContainer":false,"children":[]}],"mapper":{"00728e49-1e32-4123-a678-49ba696c8cdc":{"settings":{"formDefinition":[{"formKey":"container-settings","children":[{"formKey":"container-width","breakpoints":[],"activeFields":[{"name":"width","active":true}]},{"formKey":"common-link-animation","breakpoints":[{"name":"xl"}],"activeFields":[{"name":"linkAnimation","active":true},{"name":"animationType","active":true},{"name":"animationScope","active":true},{"name":"animationParent","active":true},{"name":"animationTarget","active":true},{"name":"animationScale","active":true},{"name":"animationDirection","active":true},{"name":"animationDirection","active":true},{"name":"animationDirection","active":true},{"name":"animationDistance","active":true},{"name":"animationPieces","active":true},{"name":"animationOrigin","active":true},{"name":"animationFoldHeight","active":true},{"name":"animationHorizontalFirst","active":true},{"name":"animationIterations","active":true},{"name":"animationEasing","active":true},{"name":"animationDuration","active":true}]},{"formKey":"common-link-modifier","breakpoints":[],"activeFields":[{"name":"modifier","active":true},{"name":"modifierType","active":true},{"name":"interactionScope","active":true},{"name":"interactionParent","active":true},{"name":"interactionTarget","active":true},{"name":"modifierName","active":true}]},{"formKey":"container-style","breakpoints":[],"activeFields":[{"name":"customStyle","active":true},{"name":"customStyle","active":true}]}]}],"selectorType":"topLevel","form":null,"items":[]},"styles":{"formDefinition":[{"formKey":"background","children":[{"formKey":"background-color","breakpoints":[{"name":"xl"}],"activeFields":[{"name":"background-color","active":true}]}]}],"selectorType":"topLevel","items":[],"form":null}},"08cded6a-e31c-431c-88e5-a86987a5f610":{"settings":{"formDefinition":[{"formKey":"container-settings","children":[{"formKey":"container-width","breakpoints":[],"activeFields":[{"name":"width","active":true}]},{"formKey":"common-link-animation","breakpoints":[{"name":"xl"}],"activeFields":[{"name":"linkAnimation","active":true},{"name":"animationType","active":true},{"name":"animationScope","active":true},{"name":"animationParent","active":true},{"name":"animationTarget","active":true},{"name":"animationScale","active":true},{"name":"animationDirection","active":true},{"name":"animationDirection","active":true},{"name":"animationDirection","active":true},{"name":"animationDistance","active":true},{"name":"animationPieces","active":true},{"name":"animationOrigin","active":true},{"name":"animationFoldHeight","active":true},{"name":"animationHorizontalFirst","active":true},{"name":"animationIterations","active":true},{"name":"animationEasing","active":true},{"name":"animationDuration","active":true}]},{"formKey":"common-link-modifier","breakpoints":[],"activeFields":[{"name":"modifier","active":true},{"name":"modifierType","active":true},{"name":"interactionScope","active":true},{"name":"interactionParent","active":true},{"name":"interactionTarget","active":true},{"name":"modifierName","active":true}]},{"formKey":"container-style","breakpoints":[],"activeFields":[{"name":"customStyle","active":true},{"name":"customStyle","active":true}]}]}],"selectorType":"topLevel","form":null,"items":[]},"styles":{"formDefinition":[{"formKey":"layout","children":[{"formKey":"position","breakpoints":[{"name":"xl"}],"activeFields":[{"name":"position","active":true},{"name":"top","active":true},{"name":"bottom","active":true},{"name":"left","active":true},{"name":"right","active":true},{"name":"z-index","active":true}]}]}],"selectorType":"topLevel","items":[],"form":null}},"d43c5257-7b05-488f-877f-5e598193c96d":{"settings":{"formDefinition":[{"formKey":"container-settings","children":[{"formKey":"container-width","breakpoints":[],"activeFields":[{"name":"width","active":true}]},{"formKey":"common-link-animation","breakpoints":[{"name":"xl"}],"activeFields":[{"name":"linkAnimation","active":true},{"name":"animationType","active":true},{"name":"animationScope","active":true},{"name":"animationParent","active":true},{"name":"animationTarget","active":true},{"name":"animationScale","active":true},{"name":"animationDirection","active":true},{"name":"animationDirection","active":true},{"name":"animationDirection","active":true},{"name":"animationDistance","active":true},{"name":"animationPieces","active":true},{"name":"animationOrigin","active":true},{"name":"animationFoldHeight","active":true},{"name":"animationHorizontalFirst","active":true},{"name":"animationIterations","active":true},{"name":"animationEasing","active":true},{"name":"animationDuration","active":true}]},{"formKey":"common-link-modifier","breakpoints":[],"activeFields":[{"name":"modifier","active":true},{"name":"modifierType","active":true},{"name":"interactionScope","active":true},{"name":"interactionParent","active":true},{"name":"interactionTarget","active":true},{"name":"modifierName","active":true}]},{"formKey":"container-style","breakpoints":[],"activeFields":[{"name":"customStyle","active":true},{"name":"customStyle","active":true}]}]}],"selectorType":"topLevel","form":null,"items":[]},"styles":{"formDefinition":[{"formKey":"layout","children":[{"formKey":"width","breakpoints":[{"name":"xl"},{"name":"md"},{"name":"sm"}],"activeFields":[{"name":"min-width","active":false},{"name":"max-width","active":true},{"name":"width","active":false}]},{"formKey":"position","breakpoints":[{"name":"xl"},{"name":"sm"},{"name":"xs"}],"activeFields":[{"name":"position","active":true},{"name":"top","active":true},{"name":"bottom","active":true},{"name":"left","active":true},{"name":"right","active":true},{"name":"z-index","active":true}]},{"formKey":"padding","breakpoints":[{"name":"xl"}],"activeFields":[{"name":"padding-equal","active":true},{"name":"padding-top","active":false},{"name":"padding-bottom","active":false},{"name":"padding-left","active":false},{"name":"padding-right","active":false},{"name":"padding-block-start","active":false},{"name":"padding-block-end","active":false},{"name":"padding-inline-start","active":false},{"name":"padding-inline-end","active":false}]},{"formKey":"margin","breakpoints":[{"name":"xl"}],"activeFields":[{"name":"margin-equal","active":false},{"name":"margin-top","active":false},{"name":"margin-bottom","active":true},{"name":"margin-left","active":true},{"name":"margin-right","active":true},{"name":"margin-block-start","active":false},{"name":"margin-block-end","active":false},{"name":"margin-inline-start","active":false},{"name":"margin-inline-end","active":false}]}]},{"formKey":"background","children":[{"formKey":"background-color","breakpoints":[{"name":"xl"}],"activeFields":[{"name":"background-color","active":true}]}]},{"formKey":"transform-and-transition","children":[{"formKey":"transform","breakpoints":[{"name":"xl"},{"name":"sm"},{"name":"ps"}],"activeFields":[{"name":"transformRotateX","active":false},{"name":"transformRotateY","active":false},{"name":"transformRotateZ","active":false},{"name":"transformTranslateX","active":false},{"name":"transformTranslateY","active":true},{"name":"transformScaleX","active":false},{"name":"transformScaleY","active":false},{"name":"transformSkewX","active":false},{"name":"transformSkewY","active":false},{"name":"transformOriginX","active":false},{"name":"transformOriginY","active":false}]}]}],"selectorType":"topLevel","items":[],"form":null}},"712391e0-ee4e-4424-a96a-5dcf2212fd63":{"settings":{"formDefinition":[{"formKey":"link-settings","children":[{"formKey":"link-link","breakpoints":[],"activeFields":[{"name":"linkText","active":true},{"name":"titleAttribute","active":true},{"name":"type","active":true},{"name":"linkToPage","active":true},{"name":"url","active":true},{"name":"anchor","active":true},{"name":"scrollToSelector","active":true},{"name":"scrollToDuration","active":true},{"name":"scrollToOffsetType","active":true},{"name":"scrollToOffsetPx","active":true},{"name":"scrollToOffsetElement","active":true},{"name":"target","active":true},{"name":"helpText","active":true},{"name":"triggerId","active":true},{"name":"modalId","active":true}]},{"formKey":"link-modifier","breakpoints":[],"activeFields":[{"name":"modifier","active":true},{"name":"modifierType","active":true},{"name":"interactionScope","active":true},{"name":"interactionParent","active":true},{"name":"interactionTarget","active":true},{"name":"modifierName","active":true}]},{"formKey":"link-animation","breakpoints":[{"name":"xl"}],"activeFields":[{"name":"linkAnimation","active":true},{"name":"animationType","active":true},{"name":"animationScope","active":true},{"name":"animationParent","active":true},{"name":"animationTarget","active":true},{"name":"animationScale","active":true},{"name":"animationDirection","active":true},{"name":"animationDirection","active":true},{"name":"animationDirection","active":true},{"name":"animationDistance","active":true},{"name":"animationPieces","active":true},{"name":"animationOrigin","active":true},{"name":"animationFoldHeight","active":true},{"name":"animationHorizontalFirst","active":true},{"name":"animationIterations","active":true},{"name":"animationEasing","active":true},{"name":"animationDuration","active":true}]},{"formKey":"link-style","breakpoints":[],"activeFields":[{"name":"customStyle","active":true},{"name":"customStyle","active":true}]}]}],"selectorType":"topLevel","form":null,"items":[]},"styles":{"formDefinition":[{"formKey":"layout","children":[{"formKey":"padding","breakpoints":[{"name":"xl"}],"activeFields":[{"name":"padding-equal","active":false},{"name":"padding-top","active":false},{"name":"padding-bottom","active":false},{"name":"padding-left","active":false},{"name":"padding-right","active":false},{"name":"padding-block-start","active":false},{"name":"padding-block-end","active":false},{"name":"padding-inline-start","active":false},{"name":"padding-inline-end","active":false}]},{"formKey":"margin","breakpoints":[{"name":"xl"}],"activeFields":[{"name":"margin-equal","active":false},{"name":"margin-top","active":true},{"name":"margin-bottom","active":true},{"name":"margin-left","active":true},{"name":"margin-right","active":true},{"name":"margin-block-start","active":false},{"name":"margin-block-end","active":false},{"name":"margin-inline-start","active":false},{"name":"margin-inline-end","active":false}]},{"formKey":"position","breakpoints":[{"name":"xl"}],"activeFields":[{"name":"position","active":false},{"name":"top","active":true},{"name":"bottom","active":true},{"name":"left","active":true},{"name":"right","active":true},{"name":"z-index","active":true}]}]},{"formKey":"border-and-outline","children":[{"formKey":"outline-width-style-and-color","breakpoints":[{"name":"xl"}],"activeFields":[{"name":"outline-width","active":true},{"name":"outline-offset","active":true},{"name":"outline-color","active":true},{"name":"outline-style","active":true}]}]},{"formKey":"background","children":[{"formKey":"background-color","breakpoints":[{"name":"xl"}],"activeFields":[{"name":"background-color","active":true}]}]},{"formKey":"font","children":[{"formKey":"font-sizing-and-alignment","breakpoints":[{"name":"xl"}],"activeFields":[{"name":"font-size","active":true},{"name":"line-height","active":true},{"name":"text-align","active":true},{"name":"letter-spacing","active":true},{"name":"word-spacing","active":true},{"name":"text-indent","active":true}]},{"formKey":"font-and-color","breakpoints":[{"name":"xl"}],"activeFields":[{"name":"font-family","active":true},{"name":"font-weight","active":true},{"name":"color","active":true}]},{"formKey":"font-style-and-wrapping","breakpoints":[{"name":"xl"}],"activeFields":[{"name":"font-style","active":true},{"name":"text-transform","active":true},{"name":"text-decoration","active":true},{"name":"word-wrap","active":true},{"name":"direction","active":true}]}]},{"formKey":"custom-css","children":[{"formKey":"css-property-and-css-value","breakpoints":[{"name":"xl"}],"activeFields":[{"name":"custom-css","active":true},{"name":"customCssProperty","active":true},{"name":"customCss","active":true}]}]}],"selectorType":"topLevel","items":[{"title":":after","type":"container","items":[],"form":null,"selectorType":"pseudo","uuid":"54a1e2ee-12be-4b3b-ae51-8fcfc5c13065","allowedTypes":["child","pseudo"],"formDefinition":[{"formKey":"content","children":[{"formKey":"image","breakpoints":[{"name":"xl"}],"activeFields":[{"name":"contentImage","active":true},{"name":"imageStyle","active":true}]}]},{"formKey":"layout","children":[{"formKey":"height","breakpoints":[{"name":"xl"}],"activeFields":[{"name":"min-height","active":true},{"name":"max-height","active":true},{"name":"height","active":true}]},{"formKey":"width","breakpoints":[{"name":"xl"}],"activeFields":[{"name":"min-width","active":true},{"name":"max-width","active":true},{"name":"width","active":true}]},{"formKey":"position","breakpoints":[{"name":"xl"}],"activeFields":[{"name":"position","active":true},{"name":"top","active":true},{"name":"bottom","active":true},{"name":"left","active":true},{"name":"right","active":true},{"name":"z-index","active":true}]}]},{"formKey":"transform-and-transition","children":[{"formKey":"transition","breakpoints":[{"name":"xl"}],"activeFields":[{"name":"transitions","active":true},{"name":"transitionProperty","active":true},{"name":"transitionCustomProperty","active":true},{"name":"transitionDuration","active":true},{"name":"transitionTimingFunction","active":true},{"name":"transitionDelay","active":true}]}]},{"formKey":"custom-css","children":[{"formKey":"css-property-and-css-value","breakpoints":[{"name":"xl"}],"activeFields":[{"name":"custom-css","active":true},{"name":"customCssProperty","active":true},{"name":"customCss","active":true}]}]}]},{"title":":hover","type":"container","items":[{"title":":after","type":"container","items":[],"form":null,"selectorType":"pseudo","uuid":"313336d9-b250-460a-9354-a068ed818db6","allowedTypes":["child","pseudo"],"formDefinition":[{"formKey":"custom-css","children":[{"formKey":"css-property-and-css-value","breakpoints":[{"name":"xl"}],"activeFields":[{"name":"custom-css","active":true},{"name":"customCssProperty","active":true},{"name":"customCss","active":true}]}]},{"formKey":"transform-and-transition","children":[{"formKey":"transition","breakpoints":[{"name":"xl"}],"activeFields":[{"name":"transitions","active":true},{"name":"transitionProperty","active":true},{"name":"transitionCustomProperty","active":true},{"name":"transitionDuration","active":true},{"name":"transitionTimingFunction","active":true},{"name":"transitionDelay","active":true}]}]}]}],"form":null,"selectorType":"pseudo","uuid":"607b2042-6297-4152-ae2c-2c55d6412046","allowedTypes":["child","pseudo"],"formDefinition":[{"formKey":"font","children":[{"formKey":"font-and-color","breakpoints":[{"name":"xl"}],"activeFields":[{"name":"font-family","active":true},{"name":"font-weight","active":true},{"name":"color","active":true}]}]}]}],"form":null},"markup":{"formDefinition":[{"formKey":"tab-markup-classes-and-ids","children":[{"formKey":"tab-markup-add-classes","breakpoints":[],"activeFields":[{"name":"classes","active":true}]}]},{"formKey":"tab-markup-attributes","children":[{"formKey":"tab-markup-add-attributes-values","breakpoints":[],"activeFields":[{"name":"attributes","active":true},{"name":"attribute","active":true},{"name":0,"active":true},{"name":"attribute","active":true},{"name":1,"active":true},{"name":"attribute","active":true},{"name":2,"active":true}]}]}],"title":"Markup","selectorType":"topLevel","form":null,"items":[]},"hideNoData":{"formDefinition":[{"formKey":"tab-hide-data-settings","children":[{"formKey":"tab-hide-data-hide","breakpoints":[],"activeFields":[{"name":"hideEnable","active":true},{"name":"hideData","active":true}]}]}],"title":"Hide if no data","selectorType":"topLevel","form":null,"items":[]}},"b491d840-82f0-43c4-b9e8-7d5202cb7f8f":{"settings":{"formDefinition":[{"formKey":"wysiwyg-settings","children":[{"formKey":"wysiwyg-editor","breakpoints":[],"activeFields":[{"name":"content","active":true}]}]}],"selectorType":"topLevel","form":null,"items":[]},"styles":{"formDefinition":[],"selectorType":"topLevel","items":[{"title":"p","type":"container","items":[],"form":null,"selectorType":"child","model":"p","uuid":"031aacaf-329c-4de7-a12d-cd1ddd6ef3d0","allowedTypes":["child","pseudo","modifier"],"formDefinition":[{"formKey":"font","children":[{"formKey":"font-and-color","breakpoints":[{"name":"xl"}],"activeFields":[{"name":"font-family","active":false},{"name":"font-weight","active":true},{"name":"color","active":true}]},{"formKey":"font-sizing-and-alignment","breakpoints":[{"name":"xl"},{"name":"sm"}],"activeFields":[{"name":"font-size","active":true},{"name":"line-height","active":true},{"name":"text-align","active":true},{"name":"letter-spacing","active":false},{"name":"word-spacing","active":false},{"name":"text-indent","active":false}]}]},{"formKey":"layout","children":[{"formKey":"margin","breakpoints":[{"name":"xl"},{"name":"sm"}],"activeFields":[{"name":"margin-equal","active":false},{"name":"margin-top","active":false},{"name":"margin-bottom","active":true},{"name":"margin-left","active":false},{"name":"margin-right","active":false},{"name":"margin-block-start","active":false},{"name":"margin-block-end","active":false},{"name":"margin-inline-start","active":false},{"name":"margin-inline-end","active":false}]}]}]}],"form":null}},"afe10823-686c-4de2-b91a-43a045c5de7f":{"settings":{"formDefinition":[{"formKey":"wysiwyg-settings","children":[{"formKey":"wysiwyg-editor","breakpoints":[],"activeFields":[{"name":"content","active":true}]}]}],"selectorType":"topLevel","form":null,"items":[]},"styles":{"formDefinition":[],"selectorType":"topLevel","items":[{"title":"p","type":"container","items":[],"form":null,"selectorType":"child","model":"p","uuid":"7863fd13-02e3-4865-b6e7-aa4be7a13c57","allowedTypes":["child","pseudo","modifier"],"formDefinition":[{"formKey":"font","children":[{"formKey":"font-and-color","breakpoints":[{"name":"xl"},{"name":"sm"}],"activeFields":[{"name":"font-family","active":true},{"name":"font-weight","active":true},{"name":"color","active":true}]},{"formKey":"font-sizing-and-alignment","breakpoints":[{"name":"xl"}],"activeFields":[{"name":"font-size","active":true},{"name":"line-height","active":true},{"name":"text-align","active":true},{"name":"letter-spacing","active":true},{"name":"word-spacing","active":true},{"name":"text-indent","active":true}]}]},{"formKey":"layout","children":[{"formKey":"margin","breakpoints":[{"name":"xl"},{"name":"sm"}],"activeFields":[{"name":"margin-equal","active":false},{"name":"margin-top","active":true},{"name":"margin-bottom","active":true},{"name":"margin-left","active":true},{"name":"margin-right","active":true},{"name":"margin-block-start","active":false},{"name":"margin-block-end","active":false},{"name":"margin-inline-start","active":false},{"name":"margin-inline-end","active":false}]}]}]}],"form":null}},"2fa8df24-49e6-4922-a32d-4aa6be19b6ff":{"settings":{"formDefinition":[{"formKey":"wysiwyg-settings","children":[{"formKey":"wysiwyg-editor","breakpoints":[],"activeFields":[{"name":"content","active":true}]}]}],"selectorType":"topLevel","form":null,"items":[]},"styles":{"formDefinition":[],"selectorType":"topLevel","items":[{"title":"h6","type":"container","items":[{"title":":after","type":"container","items":[],"form":null,"selectorType":"pseudo","uuid":"ae88050b-32b2-4011-b3d2-8cbb1e20eae1","allowedTypes":["child","pseudo"],"formDefinition":[{"formKey":"layout","children":[{"formKey":"width","breakpoints":[{"name":"xl"}],"activeFields":[{"name":"min-width","active":true},{"name":"max-width","active":true},{"name":"width","active":true}]},{"formKey":"padding","breakpoints":[{"name":"xl"},{"name":"sm"}],"activeFields":[{"name":"padding-equal","active":false},{"name":"padding-top","active":true},{"name":"padding-bottom","active":true},{"name":"padding-left","active":true},{"name":"padding-right","active":true},{"name":"padding-block-start","active":false},{"name":"padding-block-end","active":false},{"name":"padding-inline-start","active":false},{"name":"padding-inline-end","active":false}]},{"formKey":"display","breakpoints":[{"name":"xl"}],"activeFields":[{"name":"display","active":true},{"name":"visibility","active":true},{"name":"overflow","active":true},{"name":"overflow-x","active":true},{"name":"overflow-y","active":true}]}]},{"formKey":"border-and-outline","children":[{"formKey":"border-width","breakpoints":[{"name":"xl"}],"activeFields":[{"name":"border-width","active":true},{"name":"border-top-width","active":true},{"name":"border-bottom-width","active":true},{"name":"border-left-width","active":true},{"name":"border-right-width","active":true},{"name":"border-block-start-width","active":false},{"name":"border-block-end-width","active":false},{"name":"border-inline-start-width","active":false},{"name":"border-inline-end-width","active":false}]},{"formKey":"border-style","breakpoints":[{"name":"xl"}],"activeFields":[{"name":"border-style","active":true},{"name":"border-top-style","active":true},{"name":"border-bottom-style","active":true},{"name":"border-left-style","active":true},{"name":"border-right-style","active":true},{"name":"border-block-start-style","active":false},{"name":"border-block-end-style","active":false},{"name":"border-inline-start-style","active":false},{"name":"border-inline-end-style","active":false}]},{"formKey":"border-color","breakpoints":[{"name":"xl"}],"activeFields":[{"name":"border-color","active":true},{"name":"border-top-color","active":true},{"name":"border-bottom-color","active":true},{"name":"border-left-color","active":true},{"name":"border-right-color","active":true},{"name":"border-block-start-color","active":false},{"name":"border-block-end-color","active":false},{"name":"border-inline-start-color","active":false},{"name":"border-inline-end-color","active":false}]}]},{"formKey":"custom-css","children":[{"formKey":"css-property-and-css-value","breakpoints":[{"name":"xl"}],"activeFields":[{"name":"custom-css","active":true},{"name":"customCssProperty","active":true},{"name":"customCss","active":true}]}]}]}],"form":null,"selectorType":"child","model":"h6","uuid":"f3f64372-4ab0-49c1-884b-8a464ea516f9","allowedTypes":["child","pseudo","modifier"],"formDefinition":[{"formKey":"font","children":[{"formKey":"font-and-color","breakpoints":[{"name":"xl"},{"name":"sm"}],"activeFields":[{"name":"font-family","active":true},{"name":"font-weight","active":true},{"name":"color","active":true}]},{"formKey":"font-sizing-and-alignment","breakpoints":[{"name":"xl"}],"activeFields":[{"name":"font-size","active":true},{"name":"line-height","active":true},{"name":"text-align","active":true},{"name":"letter-spacing","active":true},{"name":"word-spacing","active":true},{"name":"text-indent","active":true}]},{"formKey":"font-style-and-wrapping","breakpoints":[{"name":"xl"}],"activeFields":[{"name":"font-style","active":true},{"name":"text-transform","active":true},{"name":"text-decoration","active":true},{"name":"word-wrap","active":true},{"name":"direction","active":true}]}]},{"formKey":"layout","children":[{"formKey":"margin","breakpoints":[{"name":"xl"},{"name":"sm"}],"activeFields":[{"name":"margin-equal","active":false},{"name":"margin-top","active":true},{"name":"margin-bottom","active":true},{"name":"margin-left","active":true},{"name":"margin-right","active":true},{"name":"margin-block-start","active":false},{"name":"margin-block-end","active":false},{"name":"margin-inline-start","active":false},{"name":"margin-inline-end","active":false}]},{"formKey":"display","breakpoints":[{"name":"xl"}],"activeFields":[{"name":"display","active":true},{"name":"visibility","active":true},{"name":"overflow","active":true},{"name":"overflow-x","active":true},{"name":"overflow-y","active":true}]}]}]}],"form":null}},"af9648c5-48c0-4677-b13a-7ac7f0f790c5":{"settings":{"formDefinition":[{"formKey":"image-settings","children":[{"formKey":"image-image","breakpoints":[],"activeFields":[{"name":"image","active":true},{"name":"title","active":true},{"name":"alt","active":true},{"name":"lazyload","active":true}]},{"formKey":"image-size","breakpoints":[{"name":"xl"}],"activeFields":[{"name":"displaySize","active":true},{"name":"imageAlignment","active":true}]},{"formKey":"image-style","breakpoints":[],"activeFields":[{"name":"imageStyle","active":true},{"name":"customStyle","active":true},{"name":"customStyle","active":true}]}]}],"selectorType":"topLevel","form":null,"items":[]},"styles":{"formDefinition":[{"formKey":"layout","children":[{"formKey":"height","breakpoints":[{"name":"sm"},{"name":"xs"}],"activeFields":[{"name":"min-height","active":true},{"name":"max-height","active":true},{"name":"height","active":true}]}]},{"formKey":"custom-css","children":[{"formKey":"css-property-and-css-value","breakpoints":[{"name":"xl"}],"activeFields":[{"name":"custom-css","active":true},{"name":"customCssProperty","active":true},{"name":"customCss","active":true}]}]}],"selectorType":"topLevel","items":[],"form":null}}},"model":{"00728e49-1e32-4123-a678-49ba696c8cdc":{"settings":{"title":"Container","width":"fluid","customStyle":[{"customStyle":""}],"settings":{"width":"fluid","customStyle":[{"customStyle":""}]}},"context-visibility":{"contextVisibility":{"condition":"ALL"}},"styles":{"settings":{"element":"container"},"styles":{"xl":{"background-color":{"value":{"link":true,"name":"Gray 10","uid":"gray-10","class":".coh-color-gray-10","variable":"$coh-color-gray-10","value":{"hex":"#f2f2f2","rgba":"rgba(242, 242, 242, 1)"},"inuse":true,"wysiwyg":true,"tags":["Light"]}}}}}},"08cded6a-e31c-431c-88e5-a86987a5f610":{"settings":{"title":"Container","width":"fluid","customStyle":[{"customStyle":""}],"settings":{"width":"fluid","customStyle":[{"customStyle":""}]}},"context-visibility":{"contextVisibility":{"condition":"ALL"}},"styles":{"settings":{"element":"container"},"styles":{"xl":{"position":{"value":"relative"}}}}},"af9648c5-48c0-4677-b13a-7ac7f0f790c5":{"settings":{"title":"Careers Banner Image","styles":{"xl":{"displaySize":"coh-image-responsive","imageAlignment":null}},"customStyle":[{"customStyle":""}],"lazyload":true,"settings":{"lazyload":false,"styles":{"xl":{"displaySize":"coh-image-responsive"}},"imageStyle":"","customStyle":[{"customStyle":""}]},"imageStyle":"","image":"[field.6324c651-91c5-41b2-85cf-fa8d52009a32]","attributes":{"alt":"[field.2f2d925e-3bb5-4a19-9730-8a4ba2e16fa3]","title":"[field.679415f5-9002-4561-ad8e-7a39e8a9bc3c]"}},"context-visibility":{"contextVisibility":{"condition":"ALL"}},"styles":{"settings":{"element":"img"},"styles":{"xl":{"custom-css":[{"customCssProperty":{"value":"object-fit"},"customCss":{"value":"cover"}}]},"xs":{"height":{"value":"300px"}},"sm":{"height":{"value":"450px"}}}}},"d43c5257-7b05-488f-877f-5e598193c96d":{"settings":{"title":"Container","width":"fluid","customStyle":[{"customStyle":""}],"settings":{"width":"fluid","customStyle":[{"customStyle":""}]}},"context-visibility":{"contextVisibility":{"condition":"ALL"}},"styles":{"settings":{"element":"container"},"styles":{"xl":{"max-width":{"value":"26.25rem"},"position":{"value":"absolute"},"left":{"value":"10%"},"top":{"value":"50%"},"background-color":{"value":{"name":"White","uid":"white","value":{"hex":"#ffffff","rgba":"rgba(255, 255, 255, 1)"},"wysiwyg":true,"class":".coh-color-white","variable":"$coh-color-white","inuse":true,"link":true,"tags":["Light"]}},"padding":{"padding-equal":{"value":"3rem"}},"margin":{"margin-left":{"value":"1.25rem"},"margin-right":{"value":"1.25rem"},"margin-bottom":{"value":"2.9rem"}},"transform":{"transformTranslateY":{"value":"-50%"}}},"xs":{"position":{"value":"relative"},"top":{"value":"-3.5rem"},"left":{"value":"0"}},"ps":{"transform":{"transformTranslateY":{"value":"0"}}},"sm":{"position":{"value":"relative"},"top":{"value":"-3.5rem"},"max-width":{"value":"100%"},"left":{"value":"0"},"transform":{"transformTranslateY":{"value":"0"}}},"md":{"max-width":{"value":"48%"}}}}},"2fa8df24-49e6-4922-a32d-4aa6be19b6ff":{"settings":{"title":"WYSIWYG: Careers Tag","content":"[field.d6663b6a-a120-4a44-9f9d-7862ef75fe73]"},"context-visibility":{"contextVisibility":{"condition":"ALL"}},"styles":{"settings":{"element":"wysiwyg"},"f3f64372-4ab0-49c1-884b-8a464ea516f9":{"settings":{"element":"h6","class":"","combinator":"","pseudo":""},"styles":{"xl":{"text-transform":{"value":"uppercase"},"font-weight":{"value":"700"},"color":{"value":{"link":true,"value":{"hex":"#666666","rgba":"rgba(102, 102, 102, 1)"},"name":"Verathon Silver","uid":"verathon-silver","class":".coh-color-verathon-silver","variable":"$coh-color-verathon-silver","wysiwyg":true,"tags":["Silver"]}},"font-size":{"value":"1rem"},"margin":{"margin-bottom":{"value":"1.5rem"}},"display":{"value":"inline-block"}},"sm":{"color":{"value":{"value":{"hex":"#4f4f4f","rgba":"rgba(79, 79, 79, 1)"}}},"margin":{"margin-bottom":{"value":"2.5rem"}}}}},"ae88050b-32b2-4011-b3d2-8cbb1e20eae1":{"settings":{"element":"","class":"","combinator":"","pseudo":":after"},"styles":{"xl":{"custom-css":[{"customCssProperty":{"value":"content"},"customCss":{"value":"\" \""}}],"border-bottom-color":{"value":{"link":true,"value":{"hex":"#51b5df","rgba":"rgba(81, 181, 223, 1)"},"name":"Verathon Blue","uid":"verathon-blue","class":".coh-color-verathon-blue","variable":"$coh-color-verathon-blue","wysiwyg":true,"tags":["Blue"]}},"border-bottom-style":{"value":"solid"},"border-bottom-width":{"value":"0.25rem"},"visibility":{"value":"visible"},"display":{"value":"block"},"padding":{"padding-top":{"value":"1.5rem"}},"max-width":{"value":"50%"}},"sm":{"padding":{"padding-top":{"value":"2.5rem"}}}}}}},"afe10823-686c-4de2-b91a-43a045c5de7f":{"settings":{"title":"WYSIWYG: Careers Headline","content":"[field.d70a8f74-fea5-42f5-938c-57c328594650]"},"context-visibility":{"contextVisibility":{"condition":"ALL"}},"styles":{"settings":{"element":"wysiwyg"},"7863fd13-02e3-4865-b6e7-aa4be7a13c57":{"settings":{"element":"p","class":"","combinator":"","pseudo":""},"styles":{"xl":{"font-weight":{"value":"700"},"color":{"value":{"value":{"hex":"#000000","rgba":"rgba(0, 0, 0, 1)"},"name":"Black","uid":"black","class":".coh-color-black","variable":"$coh-color-black","wysiwyg":true,"inuse":true,"link":true,"tags":["Dark"]}},"font-size":{"value":"2.5rem"},"line-height":{"value":"3rem"},"text-align":{"value":"left"},"margin":{"margin-bottom":{"value":"1.5rem"}}},"sm":{"color":{"value":{"value":{"hex":"#4d4d4f","rgba":"rgba(77, 77, 79, 1)"}}},"margin":{"margin-bottom":{"value":"2.5rem"}}}}}}},"b491d840-82f0-43c4-b9e8-7d5202cb7f8f":{"settings":{"title":"WYSIWYG: Careers Description","content":"[field.15b8900a-7c75-448d-a093-3e10afe49d7c]"},"context-visibility":{"contextVisibility":{"condition":"ALL"}},"styles":{"settings":{"element":"wysiwyg"},"031aacaf-329c-4de7-a12d-cd1ddd6ef3d0":{"settings":{"element":"p","class":"","combinator":"","pseudo":""},"styles":{"xl":{"font-weight":{"value":"400"},"color":{"value":{}},"font-size":{"value":"1rem"},"line-height":{"value":"1.5rem"},"text-align":{"value":"left"},"margin":{"margin-bottom":{"value":"1.5rem"}}},"sm":{"font-size":{"value":"1.125rem"},"line-height":{"value":"1.75rem"},"text-align":{"value":"left"},"margin":{"margin-bottom":{"value":"2.5rem"}}}}}}},"712391e0-ee4e-4424-a96a-5dcf2212fd63":{"settings":{"title":"Careers CTA","customStyle":[{"customStyle":""}],"settings":{"type":"internal-page","target":"_self","customStyle":[{"customStyle":""}]},"type":"internal-page","target":"_self","linkText":"[field.dcf42279-a0a3-4853-9b0e-06784b4a0405]","linkToPage":"[field.4c121fb0-0f03-4e0c-ab11-e3bf5fca9083]"},"context-visibility":{"contextVisibility":{"condition":"ALL"}},"styles":{"settings":{"element":"link"},"styles":{"xl":{"font-weight":{"value":"400"},"color":{"value":{"value":{"hex":"#0078ab","rgba":"rgba(0, 120, 171, 1)"}}},"font-size":{"value":"18px"},"text-align":{"value":"left"},"font-style":{"value":"normal"},"text-transform":{"value":"capitalize"},"text-decoration":{"value":"none"},"word-wrap":{"value":"normal"},"direction":{"value":"ltr"},"background-color":{"value":{}},"outline-color":{"value":{}},"outline-width":{"value":""},"custom-css":[{"customCssProperty":{"value":"width"},"customCss":{"value":"max-content"}}],"margin":{"margin-right":{"value":"10px"}},"top":{"value":""},"left":{"value":""}},"54a1e2ee-12be-4b3b-ae51-8fcfc5c13065":{"styles":{"xl":{"content-image":{"imageStyle":""}}}}},"54a1e2ee-12be-4b3b-ae51-8fcfc5c13065":{"settings":{"element":"","class":"","combinator":"","pseudo":":after"},"styles":{"xl":{"content-image":{"imageStyle":"","contentImage":{"value":"[media-reference:media:0baca068-e901-4ef0-ab5e-4d25456dd41b]"}},"height":{"value":"24px"},"width":{"value":"24px"},"position":{"value":"relative"},"top":{"value":"0"},"left":{"value":"8px"},"transitions":[{"transitionProperty":{"value":"all"},"transitionDuration":{"value":300},"transitionTimingFunction":{"value":"ease-out"},"transitionDelay":{"value":50}}],"custom-css":[{"customCssProperty":{"value":"opacity"},"customCss":{"value":"1"}}]}}},"607b2042-6297-4152-ae2c-2c55d6412046":{"settings":{"element":"","class":"","combinator":"","pseudo":":hover"},"styles":{"xl":{"color":{"value":{"value":{"hex":"#009ee0","rgba":"rgba(0, 158, 224, 1)"}}}}}},"313336d9-b250-460a-9354-a068ed818db6":{"settings":{"element":"","class":"","combinator":"","pseudo":":after"},"styles":{"xl":{"custom-css":[{"customCssProperty":{"value":"opacity"},"customCss":{"value":"0;"}},{"customCssProperty":{"value":"left"},"customCss":{"value":"32px"}}],"transitions":[{"transitionProperty":{"value":"all"},"transitionDuration":{"value":300},"transitionTimingFunction":{"value":"ease-out"},"transitionDelay":{"value":50}}]}}}},"markup":{"attributes":[{"attribute":"data-category","value":"Navigation"},{"attribute":"data-action","value":"Careers"},{"attribute":"data-label","value":"Join Us"}]},"hideNoData":{"hideEnable":true,"hideData":"[field.4c121fb0-0f03-4e0c-ab11-e3bf5fca9083]"}},"83a4ad14-9938-4487-911a-b91aecc812c7":{"settings":{"title":"Image Group","type":"cohSection","hideRowHeading":0,"removePadding":0,"columnCount":"coh-component-field-group-1-col","breakpointIcon":"","breakpoints":false,"propertiesMenu":false,"disableScrollbar":true,"disableEllipsisMenu":true,"isOpen":true},"contextVisibility":{"condition":"ALL"}},"6324c651-91c5-41b2-85cf-fa8d52009a32":{"settings":{"title":"Careers Image","type":"cohFileBrowser","options":{"buttonText":"Select image","imageUploader":false,"allowedDescription":"Allowed: png, gif, jpg, jpeg \nMax file size: 2MB","removeLabel":"Remove"},"isStyle":true,"defaultActive":true,"schema":{"type":"string"},"machineName":"careers-image","tooltipPlacement":"auto right"},"contextVisibility":{"condition":"ALL"}},"2f2d925e-3bb5-4a19-9730-8a4ba2e16fa3":{"settings":{"title":"Image Alt","schema":{"type":"string","escape":true},"machineName":"image-alt","tooltipPlacement":"auto right"},"contextVisibility":{"condition":"ALL"}},"679415f5-9002-4561-ad8e-7a39e8a9bc3c":{"settings":{"title":"Image Title","schema":{"type":"string","escape":true},"machineName":"image-title","tooltipPlacement":"auto right"},"contextVisibility":{"condition":"ALL"}},"d6663b6a-a120-4a44-9f9d-7862ef75fe73":{"settings":{"title":"Careers Tag","type":"cohWysiwyg","schema":{"type":"object"},"machineName":"careers-tag","tooltipPlacement":"auto right"},"contextVisibility":{"condition":"ALL"},"model":{"value":{"text":"","textFormat":"script_format"}}},"d70a8f74-fea5-42f5-938c-57c328594650":{"settings":{"title":"Careers Headline","type":"cohWysiwyg","schema":{"type":"object"},"machineName":"careers-headline","tooltipPlacement":"auto right"},"contextVisibility":{"condition":"ALL"},"model":{"value":{"text":"","textFormat":"script_format"}}},"15b8900a-7c75-448d-a093-3e10afe49d7c":{"settings":{"title":"Careers Description","type":"cohWysiwyg","schema":{"type":"object"},"machineName":"careers-description","tooltipPlacement":"auto right"},"contextVisibility":{"condition":"ALL"},"model":{}},"dcf42279-a0a3-4853-9b0e-06784b4a0405":{"settings":{"title":"Careers CTA Label","schema":{"type":"string","escape":true},"machineName":"careers-cta-label","tooltipPlacement":"auto right"},"contextVisibility":{"condition":"ALL"},"model":{"value":""}},"4c121fb0-0f03-4e0c-ab11-e3bf5fca9083":{"settings":{"title":"Careers CTA Link","isStyle":true,"type":"cohTypeahead","key":"linkToPage","placeholder":"Type page name","labelProperty":"name","valueProperty":"id","typeaheadEditable":true,"endpoint":"\/cohesionapi\/link-autocomplete?q=","schema":{"type":"string"},"machineName":"careers-cta-link","tooltipPlacement":"auto right","entityTypes":{"component_content":false,"node":false,"content_moderation_state":false,"crop":false,"block_content":false,"menu_link_content":false,"file":false,"cohesion_layout":false,"media":false,"redirect":false,"search_api_task":false,"taxonomy_term":false,"path_alias":false,"user":false,"view":false}},"contextVisibility":{"condition":"ALL"}}},"previewModel":{"712391e0-ee4e-4424-a96a-5dcf2212fd63":{"settings":{"linkText":"","linkToPage":""}},"08cded6a-e31c-431c-88e5-a86987a5f610":{},"d43c5257-7b05-488f-877f-5e598193c96d":{},"00728e49-1e32-4123-a678-49ba696c8cdc":{},"6324c651-91c5-41b2-85cf-fa8d52009a32":{},"dcf42279-a0a3-4853-9b0e-06784b4a0405":{},"4c121fb0-0f03-4e0c-ab11-e3bf5fca9083":{},"2f2d925e-3bb5-4a19-9730-8a4ba2e16fa3":{},"679415f5-9002-4561-ad8e-7a39e8a9bc3c":{},"af9648c5-48c0-4677-b13a-7ac7f0f790c5":{"settings":{"attributes":{"alt":"promotion-banner"},"image":""}},"83a4ad14-9938-4487-911a-b91aecc812c7":{},"b7e88f07-8f01-4a9c-b297-480ffd634fac":{},"d6663b6a-a120-4a44-9f9d-7862ef75fe73":{},"dd7fe687-2afc-4795-bc83-5d00d524a42f":{},"d70a8f74-fea5-42f5-938c-57c328594650":{},"81bdc419-533c-4299-add2-816faaa82fe0":{},"15b8900a-7c75-448d-a093-3e10afe49d7c":{},"2fa8df24-49e6-4922-a32d-4aa6be19b6ff":{"settings":{"content":{"text":"","textFormat":"cohesion"}}},"afe10823-686c-4de2-b91a-43a045c5de7f":{"settings":{"content":{"text":"","textFormat":"cohesion"}}},"b491d840-82f0-43c4-b9e8-7d5202cb7f8f":{"settings":{"content":{"text":"","textFormat":"cohesion"}}}},"variableFields":{"712391e0-ee4e-4424-a96a-5dcf2212fd63":["settings.linkText","settings.linkToPage"],"08cded6a-e31c-431c-88e5-a86987a5f610":[],"d43c5257-7b05-488f-877f-5e598193c96d":[],"00728e49-1e32-4123-a678-49ba696c8cdc":[],"6324c651-91c5-41b2-85cf-fa8d52009a32":[],"dcf42279-a0a3-4853-9b0e-06784b4a0405":[],"4c121fb0-0f03-4e0c-ab11-e3bf5fca9083":[],"2f2d925e-3bb5-4a19-9730-8a4ba2e16fa3":[],"679415f5-9002-4561-ad8e-7a39e8a9bc3c":[],"af9648c5-48c0-4677-b13a-7ac7f0f790c5":["settings.attributes.title","settings.attributes.alt","settings.image"],"83a4ad14-9938-4487-911a-b91aecc812c7":[],"b7e88f07-8f01-4a9c-b297-480ffd634fac":[],"d6663b6a-a120-4a44-9f9d-7862ef75fe73":[],"dd7fe687-2afc-4795-bc83-5d00d524a42f":[],"d70a8f74-fea5-42f5-938c-57c328594650":[],"81bdc419-533c-4299-add2-816faaa82fe0":[],"15b8900a-7c75-448d-a093-3e10afe49d7c":[],"2fa8df24-49e6-4922-a32d-4aa6be19b6ff":["settings.content"],"afe10823-686c-4de2-b91a-43a045c5de7f":["settings.content"],"b491d840-82f0-43c4-b9e8-7d5202cb7f8f":["settings.content"]},"meta":{"fieldHistory":[{"uuid":"4c121fb0-0f03-4e0c-ab11-e3bf5fca9083","type":"form-link","machineName":"careers-cta-link"},{"uuid":"dcf42279-a0a3-4853-9b0e-06784b4a0405","type":"form-input","machineName":"careers-cta-label"},{"uuid":"15b8900a-7c75-448d-a093-3e10afe49d7c","type":"form-wysiwyg","machineName":"careers-description"},{"uuid":"d70a8f74-fea5-42f5-938c-57c328594650","type":"form-wysiwyg","machineName":"careers-headline"},{"uuid":"d6663b6a-a120-4a44-9f9d-7862ef75fe73","type":"form-wysiwyg","machineName":"careers-tag"},{"uuid":"679415f5-9002-4561-ad8e-7a39e8a9bc3c","type":"form-input","machineName":"image-title"},{"uuid":"2f2d925e-3bb5-4a19-9730-8a4ba2e16fa3","type":"form-input","machineName":"image-alt"},{"uuid":"6324c651-91c5-41b2-85cf-fa8d52009a32","type":"form-image","machineName":"careers-image"},{"uuid":"81bdc419-533c-4299-add2-816faaa82fe0","type":"form-wysiwyg","machineName":"careers-description1"},{"uuid":"dd7fe687-2afc-4795-bc83-5d00d524a42f","type":"form-wysiwyg","machineName":"careers-headline1"},{"uuid":"b7e88f07-8f01-4a9c-b297-480ffd634fac","type":"form-wysiwyg","machineName":"careers-tag1"}]}}'
json_mapper: '{}'
last_entity_update: entityupdate_0029
locked: false
modified: true
selectable: true
category: cpt_cat_hero_banner
preview_image: {  }
has_quick_edit: true
entity_type_access: {  }
bundle_access: {  }
twig_template: component--cohesion-cpt-promotion-block
weight: 0
