uuid: 4d1aab86-6cc4-41ce-878b-3030cda73425
langcode: en
status: true
dependencies: {  }
id: cpt_product_detail_feature_block
label: 'Product Detail Features'
json_values: '{"canvas":[{"type":"container","uid":"container","title":"Container","status":{"collapsed":false},"uuid":"dfed85d2-f42a-4c07-abaf-6dcccd8d7c3b","parentUid":"root","isContainer":true,"children":[{"type":"container","uid":"container","title":"Container","status":{"collapsed":false},"uuid":"ab50910e-fdcf-4af0-837a-586a213f369e","parentUid":"container","isContainer":true,"children":[{"type":"item","uid":"wysiwyg","title":"WYSIWYG","status":{"collapsed":true},"uuid":"19456b06-9702-4e76-98b3-292a18fab743","parentUid":"container","isContainer":false,"children":[]},{"type":"item","uid":"wysiwyg","title":"WYSIWYG","status":{"collapsed":true},"uuid":"98bb8ca9-66ec-447d-9c55-a12d48fd9df9","parentUid":"container","isContainer":false,"children":[]}]},{"type":"item","uid":"component-drop-zone-placeholder","title":"Component drop zone","status":{"collapsed":true,"collapsedParents":[]},"uuid":"5c459930-f2c3-407c-b936-25254f4e912e","parentUid":"container","isContainer":false,"children":[]}]}],"componentForm":[{"type":"form-field","uid":"form-select","title":"Select","translate":false,"status":{"collapsed":false},"uuid":"d696da6d-6916-4556-a0a9-1001c0fccd0e","parentUid":"root","isContainer":false,"children":[]},{"type":"form-field","uid":"form-wysiwyg","title":"WYSIWYG","translate":true,"status":{"collapsed":false},"uuid":"1c5dda51-cd76-43df-a1a1-df88a0320eea","parentUid":"root","isContainer":false,"children":[]},{"type":"form-field","uid":"form-wysiwyg","title":"WYSIWYG","translate":true,"status":{"collapsed":false},"uuid":"b6e54c94-1480-4447-bfce-341487dc895c","parentUid":"root","isContainer":false,"children":[]},{"type":"form-field","uid":"form-colorpicker","title":"Color picker","status":{"collapsed":false},"uuid":"53fc3fac-9b7b-43c5-94f8-5c32e4a38c19","parentUid":"root","isContainer":false,"children":[]}],"mapper":{"dfed85d2-f42a-4c07-abaf-6dcccd8d7c3b":{"settings":{"formDefinition":[{"formKey":"container-settings","children":[{"formKey":"container-width","breakpoints":[],"activeFields":[{"name":"width","active":true}]},{"formKey":"common-link-animation","breakpoints":[{"name":"xl"}],"activeFields":[{"name":"linkAnimation","active":true},{"name":"animationType","active":true},{"name":"animationScope","active":true},{"name":"animationParent","active":true},{"name":"animationTarget","active":true},{"name":"animationScale","active":true},{"name":"animationDirection","active":true},{"name":"animationDirection","active":true},{"name":"animationDirection","active":true},{"name":"animationDistance","active":true},{"name":"animationPieces","active":true},{"name":"animationOrigin","active":true},{"name":"animationFoldHeight","active":true},{"name":"animationHorizontalFirst","active":true},{"name":"animationIterations","active":true},{"name":"animationEasing","active":true},{"name":"animationDuration","active":true}]},{"formKey":"common-link-modifier","breakpoints":[],"activeFields":[{"name":"modifier","active":true},{"name":"modifierType","active":true},{"name":"interactionScope","active":true},{"name":"interactionParent","active":true},{"name":"interactionTarget","active":true},{"name":"modifierName","active":true}]},{"formKey":"container-style","breakpoints":[],"activeFields":[{"name":"customStyle","active":true},{"name":"customStyle","active":true}]}]}],"selectorType":"topLevel","form":null,"items":[]},"styles":{"formDefinition":[{"formKey":"background","children":[{"formKey":"background-color","breakpoints":[{"name":"xl"}],"activeFields":[{"name":"background-color","active":true}]}]}],"selectorType":"topLevel","items":[],"form":null},"markup":{"formDefinition":[{"formKey":"tab-markup-classes-and-ids","children":[{"formKey":"tab-markup-add-classes","breakpoints":[],"activeFields":[{"name":"classes","active":true}]}]}],"title":"Markup","selectorType":"topLevel","form":null,"items":[]}},"5c459930-f2c3-407c-b936-25254f4e912e":{},"ab50910e-fdcf-4af0-837a-586a213f369e":{"settings":{"formDefinition":[{"formKey":"container-settings","children":[{"formKey":"container-width","breakpoints":[],"activeFields":[{"name":"width","active":true}]},{"formKey":"common-link-animation","breakpoints":[{"name":"xl"}],"activeFields":[{"name":"linkAnimation","active":true},{"name":"animationType","active":true},{"name":"animationScope","active":true},{"name":"animationParent","active":true},{"name":"animationTarget","active":true},{"name":"animationScale","active":true},{"name":"animationDirection","active":true},{"name":"animationDirection","active":true},{"name":"animationDirection","active":true},{"name":"animationDistance","active":true},{"name":"animationPieces","active":true},{"name":"animationOrigin","active":true},{"name":"animationFoldHeight","active":true},{"name":"animationHorizontalFirst","active":true},{"name":"animationIterations","active":true},{"name":"animationEasing","active":true},{"name":"animationDuration","active":true}]},{"formKey":"common-link-modifier","breakpoints":[],"activeFields":[{"name":"modifier","active":true},{"name":"modifierType","active":true},{"name":"interactionScope","active":true},{"name":"interactionParent","active":true},{"name":"interactionTarget","active":true},{"name":"modifierName","active":true}]},{"formKey":"container-style","breakpoints":[],"activeFields":[{"name":"customStyle","active":true},{"name":"customStyle","active":true}]}]}],"selectorType":"topLevel","form":null,"items":[]},"markup":{"formDefinition":[{"formKey":"tab-markup-classes-and-ids","children":[{"formKey":"tab-markup-add-classes","breakpoints":[],"activeFields":[{"name":"classes","active":true}]}]}],"title":"Markup","selectorType":"topLevel","form":null,"items":[]}},"98bb8ca9-66ec-447d-9c55-a12d48fd9df9":{"settings":{"formDefinition":[{"formKey":"wysiwyg-settings","children":[{"formKey":"wysiwyg-editor","breakpoints":[],"activeFields":[{"name":"content","active":true}]}]}],"selectorType":"topLevel","form":null,"items":[]},"styles":{"formDefinition":[],"selectorType":"topLevel","items":[{"title":"p","type":"container","items":[],"form":null,"selectorType":"child","model":"p","uuid":"46fe8f10-f28e-45af-a153-8cf9ac8c8c6e","allowedTypes":["child","pseudo","modifier"],"formDefinition":[{"formKey":"font","children":[{"formKey":"font-sizing-and-alignment","breakpoints":[{"name":"xl"}],"activeFields":[{"name":"font-size","active":true},{"name":"line-height","active":true},{"name":"text-align","active":true},{"name":"letter-spacing","active":false},{"name":"word-spacing","active":false},{"name":"text-indent","active":false}]},{"formKey":"font-and-color","breakpoints":[{"name":"xl"}],"activeFields":[{"name":"font-family","active":false},{"name":"font-weight","active":true},{"name":"color","active":true}]},{"formKey":"font-style-and-wrapping","breakpoints":[{"name":"xl"}],"activeFields":[{"name":"font-style","active":true},{"name":"text-transform","active":true},{"name":"text-decoration","active":true},{"name":"word-wrap","active":false},{"name":"direction","active":false}]}]},{"formKey":"layout","children":[{"formKey":"margin","breakpoints":[{"name":"xl"},{"name":"sm"}],"activeFields":[{"name":"margin-equal","active":false},{"name":"margin-top","active":false},{"name":"margin-bottom","active":true},{"name":"margin-left","active":false},{"name":"margin-right","active":false},{"name":"margin-block-start","active":false},{"name":"margin-block-end","active":false},{"name":"margin-inline-start","active":false},{"name":"margin-inline-end","active":false}]}]}]}],"form":null}},"19456b06-9702-4e76-98b3-292a18fab743":{"settings":{"formDefinition":[{"formKey":"wysiwyg-settings","children":[{"formKey":"wysiwyg-editor","breakpoints":[],"activeFields":[{"name":"content","active":true}]}]}],"selectorType":"topLevel","form":null,"items":[]},"styles":{"formDefinition":[],"selectorType":"topLevel","items":[{"title":">p","type":"container","items":[],"form":null,"selectorType":"child","model":">p","uuid":"d46d8c73-bca0-4fa9-b00f-963e0ba09361","allowedTypes":["child","pseudo","modifier"],"formDefinition":[{"formKey":"font","children":[{"formKey":"font-and-color","breakpoints":[{"name":"xl"}],"activeFields":[{"name":"font-family","active":false},{"name":"font-weight","active":true},{"name":"color","active":true}]},{"formKey":"font-sizing-and-alignment","breakpoints":[{"name":"xl"}],"activeFields":[{"name":"font-size","active":true},{"name":"line-height","active":true},{"name":"text-align","active":false},{"name":"letter-spacing","active":true},{"name":"word-spacing","active":false},{"name":"text-indent","active":false}]},{"formKey":"font-style-and-wrapping","breakpoints":[{"name":"xl"}],"activeFields":[{"name":"font-style","active":false},{"name":"text-transform","active":true},{"name":"text-decoration","active":false},{"name":"word-wrap","active":false},{"name":"direction","active":false}]}]},{"formKey":"layout","children":[{"formKey":"margin","breakpoints":[{"name":"xl"}],"activeFields":[{"name":"margin-equal","active":false},{"name":"margin-top","active":true},{"name":"margin-bottom","active":true},{"name":"margin-left","active":true},{"name":"margin-right","active":true},{"name":"margin-block-start","active":false},{"name":"margin-block-end","active":false},{"name":"margin-inline-start","active":false},{"name":"margin-inline-end","active":false}]},{"formKey":"width","breakpoints":[{"name":"xl"}],"activeFields":[{"name":"min-width","active":false},{"name":"max-width","active":true},{"name":"width","active":false}]}]}]}],"form":null}}},"model":{"dfed85d2-f42a-4c07-abaf-6dcccd8d7c3b":{"settings":{"title":"product-card","width":"fluid","customStyle":[{"customStyle":""}],"settings":{"width":"fluid","customStyle":[{"customStyle":""}]}},"context-visibility":{"contextVisibility":{"condition":"ALL"}},"styles":{"settings":{"element":"container"},"styles":{"xl":{"background-color":{"value":"[field.53fc3fac-9b7b-43c5-94f8-5c32e4a38c19]"}}}},"markup":{"classes":"product-card [field.d696da6d-6916-4556-a0a9-1001c0fccd0e]"}},"ab50910e-fdcf-4af0-837a-586a213f369e":{"settings":{"title":"card-header","width":"fluid","customStyle":[{"customStyle":""}],"settings":{"width":"fluid","customStyle":[{"customStyle":""}]}},"context-visibility":{"contextVisibility":{"condition":"ALL"}},"styles":{"settings":{"element":"container"}},"markup":{"classes":"card-header"}},"19456b06-9702-4e76-98b3-292a18fab743":{"settings":{"title":"Heading","content":"[field.1c5dda51-cd76-43df-a1a1-df88a0320eea]"},"context-visibility":{"contextVisibility":{"condition":"ALL"}},"styles":{"settings":{"element":"wysiwyg"},"d46d8c73-bca0-4fa9-b00f-963e0ba09361":{"settings":{"element":">p","class":"","combinator":"","pseudo":""},"styles":{"xl":{"font-size":{"value":"1.125rem"},"font-weight":{"value":"700"},"line-height":{"value":"1.25rem"},"margin":{"margin-top":{"value":"0"},"margin-bottom":{"value":"1.5rem"},"margin-left":{"value":"auto"},"margin-right":{"value":"auto"}},"max-width":{"value":"70%"},"letter-spacing":{"value":"1.6px"},"text-transform":{"value":"uppercase"},"color":{"value":{"value":{"hex":"#4d4d4f","rgba":"rgba(77, 77, 79, 1)"}}}}}}}},"98bb8ca9-66ec-447d-9c55-a12d48fd9df9":{"settings":{"title":"WYSIWYG","content":"[field.b6e54c94-1480-4447-bfce-341487dc895c]"},"context-visibility":{"contextVisibility":{"condition":"ALL"}},"styles":{"settings":{"element":"wysiwyg"},"46fe8f10-f28e-45af-a153-8cf9ac8c8c6e":{"settings":{"element":"p","class":"","combinator":"","pseudo":""},"styles":{"xl":{"font-weight":{"value":"400"},"color":{"value":{"value":{"hex":"#000000","rgba":"rgba(0, 0, 0, 1)"},"name":"Black","uid":"black","class":".coh-color-black","variable":"$coh-color-black","wysiwyg":true,"inuse":true,"link":true,"tags":["Dark"]}},"font-size":{"value":"20px"},"line-height":{"value":"32px"},"text-align":{"value":"center"},"font-style":{"value":"normal"},"text-transform":{"value":"none"},"text-decoration":{"value":"none"},"margin":{"margin-bottom":{"value":"2rem"}}},"sm":{"margin":{"margin-bottom":{"value":"1.5rem"}}}}}}},"5c459930-f2c3-407c-b936-25254f4e912e":{"settings":{"dropzoneHideSelector":""}},"d696da6d-6916-4556-a0a9-1001c0fccd0e":{"settings":{"title":"Add Padding to the Parent Container","type":"cohSelect","selectType":"custom","schema":{"type":"string"},"options":[{"label":"Spacing at the top & bottom (120px & 120px)","value":"padding-top-bottom-120"},{"label":"Spacing at the top & bottom (80px & 80px)","value":"padding-top-bottom-80"},{"label":"Spacing at the top & bottom (60px & 60px)","value":"padding-top-bottom-60"}],"machineName":"add-padding-to-the-parent-container","tooltipPlacement":"auto right"},"contextVisibility":{"condition":"ALL"},"model":{"value":"padding-top-bottom-120"}},"1c5dda51-cd76-43df-a1a1-df88a0320eea":{"settings":{"title":"Header","type":"cohWysiwyg","schema":{"type":"object"},"machineName":"header","tooltipPlacement":"auto right"},"contextVisibility":{"condition":"ALL"},"model":{"value":{"text":"","textFormat":"script_format"}}},"b6e54c94-1480-4447-bfce-341487dc895c":{"settings":{"title":"header-description","type":"cohWysiwyg","schema":{"type":"object"},"machineName":"header-description1","tooltipPlacement":"auto right","tooltipText":"Enter the description"},"contextVisibility":{"condition":"ALL"},"model":{}},"53fc3fac-9b7b-43c5-94f8-5c32e4a38c19":{"settings":{"title":"Container Background Color","type":"cohColourPickerOpener","colourPickerOptions":{"flat":true,"showOnly":""},"schema":{"type":"object"},"machineName":"background-color","restrictBy":"none","tooltipPlacement":"auto right"},"contextVisibility":{"condition":"ALL"}}},"previewModel":{"53fc3fac-9b7b-43c5-94f8-5c32e4a38c19":{},"dfed85d2-f42a-4c07-abaf-6dcccd8d7c3b":{"markup":{"classes":""}},"ab50910e-fdcf-4af0-837a-586a213f369e":{},"b6e54c94-1480-4447-bfce-341487dc895c":{},"98bb8ca9-66ec-447d-9c55-a12d48fd9df9":{"settings":{"content":{"text":"","textFormat":"cohesion"}}},"d696da6d-6916-4556-a0a9-1001c0fccd0e":{},"1c5dda51-cd76-43df-a1a1-df88a0320eea":{},"19456b06-9702-4e76-98b3-292a18fab743":{"settings":{"content":{"text":"","textFormat":"cohesion"}}}},"variableFields":{"53fc3fac-9b7b-43c5-94f8-5c32e4a38c19":[],"dfed85d2-f42a-4c07-abaf-6dcccd8d7c3b":["styles.styles.xl.background-color.value","markup.classes"],"ab50910e-fdcf-4af0-837a-586a213f369e":[],"b6e54c94-1480-4447-bfce-341487dc895c":[],"98bb8ca9-66ec-447d-9c55-a12d48fd9df9":["settings.content"],"d696da6d-6916-4556-a0a9-1001c0fccd0e":[],"1c5dda51-cd76-43df-a1a1-df88a0320eea":[],"19456b06-9702-4e76-98b3-292a18fab743":["settings.content"]},"disabledNodes":[],"meta":{"fieldHistory":[{"uuid":"53fc3fac-9b7b-43c5-94f8-5c32e4a38c19","type":"form-colorpicker","machineName":"background-color"},{"uuid":"b6e54c94-1480-4447-bfce-341487dc895c","type":"form-wysiwyg","machineName":"header-description1"},{"uuid":"1c5dda51-cd76-43df-a1a1-df88a0320eea","type":"form-wysiwyg","machineName":"header"},{"uuid":"d696da6d-6916-4556-a0a9-1001c0fccd0e","type":"form-select","machineName":"add-padding-to-the-parent-container"},{"uuid":"373c84bb-b46f-4405-a0b4-1b3e262206d5","type":"form-textarea","machineName":"header-description"},{"uuid":"cced0f08-2794-4245-9c26-6cec31893b99","type":"form-field-repeater","machineName":"product-card"},{"uuid":"9ca32110-a16f-4bd4-902c-2e0b1298848a","type":"form-field-repeater","machineName":"feature-details"},{"uuid":"ef3dbcd0-e8a8-44a2-ba1d-105dfdd997b1","type":"form-textarea","machineName":"feature-product-description"},{"uuid":"2df5760a-b907-4fa3-98d7-41ff658c3ab0","type":"form-textarea","machineName":"feature-product-size"},{"uuid":"abd4287a-df84-4760-a52a-881643241e54","type":"form-input","machineName":"feature-product-title"},{"uuid":"540ca7cd-a38d-48b4-b360-9afb6c91e9ce","type":"form-colorpicker","machineName":"features-product-description-background-color"},{"uuid":"ebfaf993-1f3d-4e7f-b627-ca8a98cb2bbb","type":"form-select","machineName":"feature-product-image-style"},{"uuid":"8c18edbe-e49d-470d-8161-4b47351909f0","type":"form-image","machineName":"feature-product-icon"},{"uuid":"8f7a3626-f5c1-4328-a356-f1f499eef5a8","type":"form-colorpicker","machineName":"feature-product-background-color"},{"uuid":"d1d54329-45ee-4c69-ad5a-6768ea79ea9d","type":"form-textarea","machineName":"feature-size"},{"uuid":"ce14e7a1-528e-4557-a764-92b36201cb29","type":"form-input","machineName":"feature-title"},{"uuid":"b3fa684b-f991-4aa4-8cd8-8e6b380f808b","type":"form-image","machineName":"feature-icon"},{"uuid":"b7f230e3-d410-4acf-8fa7-9a14f2533e6e","type":"form-colorpicker","machineName":"feature-icon-background-color"}]}}'
json_mapper: '{}'
last_entity_update: entityupdate_0029
locked: false
modified: true
selectable: true
category: cpt_cat_general_components
preview_image: {  }
has_quick_edit: true
entity_type_access: {  }
bundle_access: {  }
twig_template: component--cohesion-cpt-product-detail-feature-block
weight: 0
